<?xml version="1.0" encoding="utf-8"?>
<Project ToolsVersion="4.0" xmlns="http://schemas.microsoft.com/developer/msbuild/2003">
  <ItemGroup>
    <ClInclude Include="D3D11State.h">
      <Filter>D3D11</Filter>
    </ClInclude>
    <ClInclude Include="ResourceBase.h">
      <Filter>D3D11</Filter>
    </ClInclude>
    <ClInclude Include="Define.h">
      <Filter>D3D11</Filter>
    </ClInclude>
    <ClInclude Include="D3D11Device.h">
      <Filter>D3D11</Filter>
    </ClInclude>
    <ClInclude Include="D3D11View.h">
      <Filter>D3D11</Filter>
    </ClInclude>
    <ClInclude Include="D3D11ResourceManager.h">
      <Filter>Management</Filter>
    </ClInclude>
    <ClInclude Include="D3D11ResourceType.h">
      <Filter>Management</Filter>
    </ClInclude>
    <ClInclude Include="IFQGraphics.h">
      <Filter>Interface</Filter>
    </ClInclude>
    <ClInclude Include="FQGraphics.h">
      <Filter>Interface</Filter>
    </ClInclude>
    <ClInclude Include="D3D11Buffer.h">
      <Filter>D3D11</Filter>
    </ClInclude>
    <ClInclude Include="D3D11Texture.h">
      <Filter>D3D11</Filter>
    </ClInclude>
    <ClInclude Include="Camera.h">
      <Filter>Camera</Filter>
    </ClInclude>
    <ClInclude Include="D3D11TextManager.h">
      <Filter>D3D11</Filter>
    </ClInclude>
    <ClInclude Include="Material.h">
      <Filter>Resource</Filter>
    </ClInclude>
    <ClInclude Include="Mesh.h">
      <Filter>Resource</Filter>
    </ClInclude>
    <ClInclude Include="RenderObject.h">
      <Filter>Object</Filter>
    </ClInclude>
    <ClInclude Include="D3D11ObjectManager.h">
      <Filter>Management</Filter>
    </ClInclude>
    <ClInclude Include="RenderJob.h">
      <Filter>Object</Filter>
    </ClInclude>
    <ClInclude Include="D3D11Shader.h">
      <Filter>D3D11</Filter>
    </ClInclude>
    <ClInclude Include="D3D11JobManager.h">
      <Filter>Management</Filter>
    </ClInclude>
    <ClInclude Include="D3D11RenderManager.h">
      <Filter>Management</Filter>
    </ClInclude>
    <ClInclude Include="ManagementCommon.h">
      <Filter>Management</Filter>
    </ClInclude>
    <ClInclude Include="D3D11CameraManager.h">
      <Filter>Management</Filter>
    </ClInclude>
    <ClInclude Include="D3D11LightManager.h">
      <Filter>Management</Filter>
    </ClInclude>
    <ClInclude Include="AnimationHelper.h">
      <Filter>Common</Filter>
    </ClInclude>
    <ClInclude Include="BoneHierarchy.h">
      <Filter>Resource</Filter>
    </ClInclude>
    <ClInclude Include="D3D11Util.h">
      <Filter>Common</Filter>
    </ClInclude>
    <ClInclude Include="CommonHeader.h">
      <Filter>Common</Filter>
    </ClInclude>
    <ClInclude Include="ConstantBufferStructure.h" />
    <ClInclude Include="D3D11Common.h" />
    <ClInclude Include="Light.h">
      <Filter>Light</Filter>
    </ClInclude>
    <ClInclude Include="DeferredPipeline.h">
      <Filter>Pipeline</Filter>
    </ClInclude>
    <ClInclude Include="ForwardPipeline.h">
      <Filter>Pipeline</Filter>
    </ClInclude>
    <ClInclude Include="EPipelineType.h">
      <Filter>Enum</Filter>
    </ClInclude>
    <ClInclude Include="D3D11ModelManager.h">
      <Filter>Management</Filter>
    </ClInclude>
    <ClInclude Include="D3D11DebugDrawManager.h">
      <Filter>Management</Filter>
    </ClInclude>
    <ClInclude Include="D3D11PickingManager.h">
      <Filter>Management</Filter>
    </ClInclude>
    <ClInclude Include="CommonPass.h" />
    <ClInclude Include="DeferredPass.h" />
    <ClInclude Include="FowardPass.h" />
  </ItemGroup>
  <ItemGroup>
    <Filter Include="D3D11">
      <UniqueIdentifier>{6c3f3643-8390-495e-8c04-edefb2f87b65}</UniqueIdentifier>
    </Filter>
    <Filter Include="Management">
      <UniqueIdentifier>{dfccb5bf-1134-4085-b5b6-e370bf26a727}</UniqueIdentifier>
    </Filter>
    <Filter Include="Interface">
      <UniqueIdentifier>{11aceed1-c827-41bf-9f7e-b37f6e86e799}</UniqueIdentifier>
    </Filter>
    <Filter Include="Camera">
      <UniqueIdentifier>{532604b1-4d7f-4ea6-af58-f7e15e28a2cf}</UniqueIdentifier>
    </Filter>
    <Filter Include="Light">
      <UniqueIdentifier>{f2f075a3-92ff-486f-bac4-9af69ba1926c}</UniqueIdentifier>
    </Filter>
    <Filter Include="Object">
      <UniqueIdentifier>{1fd9c50e-f004-44e8-99a8-b1ae104857f1}</UniqueIdentifier>
    </Filter>
    <Filter Include="Shader">
      <UniqueIdentifier>{5bd1b6bc-5961-4bd8-be6b-3055d44ba8e9}</UniqueIdentifier>
    </Filter>
    <Filter Include="Common">
      <UniqueIdentifier>{fc331d0b-bd4c-4ad2-be02-28bcf5dc3dfd}</UniqueIdentifier>
    </Filter>
    <Filter Include="Resource">
      <UniqueIdentifier>{1f33f771-493f-48fd-b2e3-1ac0c55eefaa}</UniqueIdentifier>
    </Filter>
    <Filter Include="Pipeline">
      <UniqueIdentifier>{e7ab995b-e03c-49e3-835f-46bef3e6745f}</UniqueIdentifier>
    </Filter>
    <Filter Include="Enum">
      <UniqueIdentifier>{66654c26-2bfd-407b-bbaa-5b2daa0dd1de}</UniqueIdentifier>
    </Filter>
  </ItemGroup>
  <ItemGroup>
    <ClCompile Include="D3D11State.cpp">
      <Filter>D3D11</Filter>
    </ClCompile>
    <ClCompile Include="D3D11Device.cpp">
      <Filter>D3D11</Filter>
    </ClCompile>
    <ClCompile Include="D3D11View.cpp">
      <Filter>D3D11</Filter>
    </ClCompile>
    <ClCompile Include="D3D11ResourceManager.cpp">
      <Filter>Management</Filter>
    </ClCompile>
    <ClCompile Include="ResourceBase.cpp">
      <Filter>D3D11</Filter>
    </ClCompile>
    <ClCompile Include="FQGraphics.cpp">
      <Filter>Interface</Filter>
    </ClCompile>
    <ClCompile Include="D3D11Buffer.cpp">
      <Filter>D3D11</Filter>
    </ClCompile>
    <ClCompile Include="D3D11Texture.cpp">
      <Filter>D3D11</Filter>
    </ClCompile>
    <ClCompile Include="IFQGraphics.cpp">
      <Filter>Interface</Filter>
    </ClCompile>
    <ClCompile Include="Camera.cpp">
      <Filter>Camera</Filter>
    </ClCompile>
    <ClCompile Include="D3D11TextManager.cpp">
      <Filter>D3D11</Filter>
    </ClCompile>
    <ClCompile Include="Material.cpp">
      <Filter>Resource</Filter>
    </ClCompile>
    <ClCompile Include="Mesh.cpp">
      <Filter>Resource</Filter>
    </ClCompile>
    <ClCompile Include="RenderObject.cpp">
      <Filter>Object</Filter>
    </ClCompile>
    <ClCompile Include="D3D11ObjectManager.cpp">
      <Filter>Management</Filter>
    </ClCompile>
    <ClCompile Include="D3D11Shader.cpp">
      <Filter>D3D11</Filter>
    </ClCompile>
    <ClCompile Include="D3D11JobManager.cpp">
      <Filter>Management</Filter>
    </ClCompile>
    <ClCompile Include="D3D11RenderManager.cpp">
      <Filter>Management</Filter>
    </ClCompile>
    <ClCompile Include="D3D11CameraManager.cpp">
      <Filter>Management</Filter>
    </ClCompile>
    <ClCompile Include="D3D11LightManager.cpp">
      <Filter>Management</Filter>
    </ClCompile>
    <ClCompile Include="AnimationHelper.cpp">
      <Filter>Common</Filter>
    </ClCompile>
    <ClCompile Include="BoneHierarchy.cpp">
      <Filter>Resource</Filter>
    </ClCompile>
    <ClCompile Include="D3D11Util.cpp">
      <Filter>Common</Filter>
    </ClCompile>
    <ClCompile Include="ConstantBufferStructure.cpp" />
    <ClCompile Include="Light.cpp">
      <Filter>Light</Filter>
    </ClCompile>
    <ClCompile Include="DeferredPipeline.cpp">
      <Filter>Pipeline</Filter>
    </ClCompile>
    <ClCompile Include="ForwardPipeline.cpp">
      <Filter>Pipeline</Filter>
    </ClCompile>
    <ClCompile Include="D3D11ModelManager.cpp">
      <Filter>Management</Filter>
    </ClCompile>
    <ClCompile Include="D3D11DebugDrawManager.h.cpp">
      <Filter>Management</Filter>
    </ClCompile>
    <ClCompile Include="D3D11PickingManager.cpp">
      <Filter>Management</Filter>
    </ClCompile>
    <ClCompile Include="CommonPass.cpp" />
    <ClCompile Include="DeferredPass.cpp" />
    <ClCompile Include="FowardPass.cpp" />
  </ItemGroup>
  <ItemGroup>
    <None Include="..\FQGraphicsDemo\resource\internal\shader\Common.hlsli">
      <Filter>Shader</Filter>
    </None>
  </ItemGroup>
  <ItemGroup>
    <FxCompile Include="..\FQGraphicsDemo\resource\internal\shader\FullScreenPS.hlsl">
      <Filter>Shader</Filter>
    </FxCompile>
    <FxCompile Include="..\FQGraphicsDemo\resource\internal\shader\FullScreenVS.hlsl">
      <Filter>Shader</Filter>
    </FxCompile>
    <FxCompile Include="..\FQGraphicsDemo\resource\internal\shader\ModelPS.hlsl">
      <Filter>Shader</Filter>
    </FxCompile>
    <FxCompile Include="..\FQGraphicsDemo\resource\internal\shader\ModelVS.hlsl">
      <Filter>Shader</Filter>
    </FxCompile>
    <FxCompile Include="..\FQGraphicsDemo\resource\internal\shader\PickingPS.hlsl">
      <Filter>Shader</Filter>
    </FxCompile>
    <FxCompile Include="..\FQGraphicsDemo\resource\internal\shader\PickingVS.hlsl">
      <Filter>Shader</Filter>
    </FxCompile>
  </ItemGroup>
  <ItemGroup>
    <CustomBuild Include="..\FQGraphicsDemo\resource\internal\shader\ModelPSDeferred.hlsl">
      <Filter>Shader</Filter>
    </CustomBuild>
  </ItemGroup>
</Project>