<?xml version="1.0" encoding="utf-8"?>
<Project ToolsVersion="4.0" xmlns="http://schemas.microsoft.com/developer/msbuild/2003">
  <ItemGroup>
    <ClCompile Include="FileUtil.cpp" />
    <ClCompile Include="ModelConverter.cpp" />
    <ClCompile Include="ModelResources.cpp" />
    <ClCompile Include="pch.cpp" />
    <ClCompile Include="BindableHelper.cpp" />
    <ClCompile Include="Surface.cpp" />
    <ClCompile Include="Util.cpp" />
  </ItemGroup>
  <ItemGroup>
    <ClInclude Include="FileUtil.h" />
    <ClInclude Include="ModelConverter.h" />
    <ClInclude Include="ModelIOData.h" />
    <ClInclude Include="ModelResources.h" />
    <ClInclude Include="pch.h" />
    <ClInclude Include="BindableHelper.h" />
    <ClInclude Include="Surface.h" />
    <ClInclude Include="Util.h" />
  </ItemGroup>
</Project>