<?xml version="1.0" encoding="utf-8"?>
<Project ToolsVersion="4.0" xmlns="http://schemas.microsoft.com/developer/msbuild/2003">
  <ItemGroup>
    <ClInclude Include="D3D11State.h">
      <Filter>D3D11</Filter>
    </ClInclude>
    <ClInclude Include="ResourceBase.h">
      <Filter>D3D11</Filter>
    </ClInclude>
    <ClInclude Include="Define.h">
      <Filter>D3D11</Filter>
    </ClInclude>
    <ClInclude Include="D3D11Device.h">
      <Filter>D3D11</Filter>
    </ClInclude>
    <ClInclude Include="D3D11View.h">
      <Filter>D3D11</Filter>
    </ClInclude>
    <ClInclude Include="D3D11ResourceManager.h">
      <Filter>Management</Filter>
    </ClInclude>
    <ClInclude Include="D3D11ResourceType.h">
      <Filter>Management</Filter>
    </ClInclude>
    <ClInclude Include="IFQGraphics.h">
      <Filter>Interface</Filter>
    </ClInclude>
    <ClInclude Include="FQGraphics.h">
      <Filter>Interface</Filter>
    </ClInclude>
    <ClInclude Include="D3D11Buffer.h">
      <Filter>D3D11</Filter>
    </ClInclude>
    <ClInclude Include="D3D11Texture.h">
      <Filter>D3D11</Filter>
    </ClInclude>
    <ClInclude Include="Camera.h">
      <Filter>Camera</Filter>
    </ClInclude>
    <ClInclude Include="D3D11TextManager.h">
      <Filter>D3D11</Filter>
    </ClInclude>
    <ClInclude Include="Material.h">
      <Filter>Resource</Filter>
    </ClInclude>
    <ClInclude Include="Mesh.h">
      <Filter>Resource</Filter>
    </ClInclude>
    <ClInclude Include="RenderObject.h">
      <Filter>Object</Filter>
    </ClInclude>
    <ClInclude Include="D3D11ObjectManager.h">
      <Filter>Management</Filter>
    </ClInclude>
    <ClInclude Include="RenderJob.h">
      <Filter>Object</Filter>
    </ClInclude>
    <ClInclude Include="D3D11Shader.h">
      <Filter>D3D11</Filter>
    </ClInclude>
    <ClInclude Include="D3D11JobManager.h">
      <Filter>Management</Filter>
    </ClInclude>
    <ClInclude Include="D3D11RenderManager.h">
      <Filter>Management</Filter>
    </ClInclude>
    <ClInclude Include="ManagementCommon.h">
      <Filter>Management</Filter>
    </ClInclude>
    <ClInclude Include="D3D11CameraManager.h">
      <Filter>Management</Filter>
    </ClInclude>
    <ClInclude Include="D3D11LightManager.h">
      <Filter>Management</Filter>
    </ClInclude>
    <ClInclude Include="AnimationHelper.h">
      <Filter>Common</Filter>
    </ClInclude>
    <ClInclude Include="NodeHierarchy.h">
      <Filter>Resource</Filter>
    </ClInclude>
    <ClInclude Include="D3D11Util.h">
      <Filter>Common</Filter>
    </ClInclude>
    <ClInclude Include="CommonHeader.h">
      <Filter>Common</Filter>
    </ClInclude>
    <ClInclude Include="Light.h">
      <Filter>Light</Filter>
    </ClInclude>
    <ClInclude Include="DeferredPipeline.h">
      <Filter>Pipeline</Filter>
    </ClInclude>
    <ClInclude Include="ForwardPipeline.h">
      <Filter>Pipeline</Filter>
    </ClInclude>
    <ClInclude Include="EPipelineType.h">
      <Filter>Enum</Filter>
    </ClInclude>
    <ClInclude Include="D3D11ModelManager.h">
      <Filter>Management</Filter>
    </ClInclude>
    <ClInclude Include="D3D11DebugDrawManager.h">
      <Filter>Management</Filter>
    </ClInclude>
    <ClInclude Include="D3D11PickingManager.h">
      <Filter>Management</Filter>
    </ClInclude>
    <ClInclude Include="D3D11CullingManager.h">
      <Filter>Management</Filter>
    </ClInclude>
    <ClInclude Include="ConstantBufferStructure.h">
      <Filter>Common</Filter>
    </ClInclude>
    <ClInclude Include="D3D11Common.h">
      <Filter>D3D11</Filter>
    </ClInclude>
    <ClInclude Include="RenderPipeline.h">
      <Filter>Pipeline</Filter>
    </ClInclude>
    <ClInclude Include="FowardRenderPass.h">
      <Filter>Pass\ForwardPipelinePass</Filter>
    </ClInclude>
    <ClInclude Include="SkyBoxPass.h">
      <Filter>Pass\PipelineIndependentPass</Filter>
    </ClInclude>
    <ClInclude Include="ShadowPass.h">
      <Filter>Pass\PipelineIndependentPass</Filter>
    </ClInclude>
    <ClInclude Include="FullScreenPass.h">
      <Filter>Pass\PipelineIndependentPass</Filter>
    </ClInclude>
    <ClInclude Include="TransparentRenderPass.h">
      <Filter>Pass\PipelineIndependentPass</Filter>
    </ClInclude>
    <ClInclude Include="DebugRenderPass.h">
      <Filter>Pass\PipelineIndependentPass</Filter>
    </ClInclude>
    <ClInclude Include="TransparentCompositePass.h">
      <Filter>Pass\PipelineIndependentPass</Filter>
    </ClInclude>
    <ClInclude Include="DeferredShadingPass.h">
      <Filter>Pass\DeferredPipelinePass</Filter>
    </ClInclude>
    <ClInclude Include="DeferredGeometryPass.h">
      <Filter>Pass\DeferredPipelinePass</Filter>
    </ClInclude>
    <ClInclude Include="Pass.h">
      <Filter>Pass\Common</Filter>
    </ClInclude>
    <ClInclude Include="PassCommon.h">
      <Filter>Pass\Common</Filter>
    </ClInclude>
    <ClInclude Include="ParticlePass.h">
      <Filter>Pass\PipelineIndependentPass</Filter>
    </ClInclude>
    <ClInclude Include="TerrainPass.h">
      <Filter>Pass\PipelineIndependentPass</Filter>
    </ClInclude>
    <ClInclude Include="UIManager.h">
      <Filter>Management</Filter>
    </ClInclude>
    <ClInclude Include="D3D11ParticleManager.h">
      <Filter>Management</Filter>
    </ClInclude>
    <ClInclude Include="ParticleObject.h">
      <Filter>Object</Filter>
    </ClInclude>
    <ClInclude Include="OutLineAddPass.h">
      <Filter>Pass\PipelineIndependentPass</Filter>
    </ClInclude>
    <ClInclude Include="OutLineBlurPass.h">
      <Filter>Pass\PipelineIndependentPass</Filter>
    </ClInclude>
    <ClInclude Include="OutLinePass.h">
      <Filter>Pass\PipelineIndependentPass</Filter>
    </ClInclude>
    <ClInclude Include="SingleColorPass.h">
      <Filter>Pass\PipelineIndependentPass</Filter>
    </ClInclude>
    <ClInclude Include="SSAODepthPass.h">
      <Filter>Pass\PipelineIndependentPass</Filter>
    </ClInclude>
    <ClInclude Include="SSAOPass.h">
      <Filter>Pass\PipelineIndependentPass</Filter>
    </ClInclude>
    <ClInclude Include="DeferredDecalPass.h">
      <Filter>Pass\DeferredPipelinePass</Filter>
    </ClInclude>
    <ClInclude Include="D3D11LightProbeManager.h">
      <Filter>Management</Filter>
    </ClInclude>
    <ClInclude Include="TrailObject.h">
      <Filter>Object</Filter>
    </ClInclude>
    <ClInclude Include="DecalObject.h">
      <Filter>Object</Filter>
    </ClInclude>
    <ClInclude Include="TrailRenderPass.h">
      <Filter>Pass\PipelineIndependentPass</Filter>
    </ClInclude>
    <ClInclude Include="GeometryHelper.h">
      <Filter>Common</Filter>
    </ClInclude>
    <ClInclude Include="Animation.h">
      <Filter>Resource</Filter>
    </ClInclude>
    <ClInclude Include="SHMath\DirectXSH.h">
      <Filter>D3D11\SHMath</Filter>
    </ClInclude>
    <ClInclude Include="LightProbePass.h">
      <Filter>Pass\PipelineIndependentPass</Filter>
    </ClInclude>
    <ClInclude Include="LightProbeAddPass.h">
      <Filter>Pass\PipelineIndependentPass</Filter>
    </ClInclude>
    <ClInclude Include="DebugLightProbePass.h">
      <Filter>Pass\PipelineIndependentPass</Filter>
    </ClInclude>
    <ClInclude Include="D3D11PostProcessingManager.h">
      <Filter>Management</Filter>
    </ClInclude>
  </ItemGroup>
  <ItemGroup>
    <Filter Include="D3D11">
      <UniqueIdentifier>{6c3f3643-8390-495e-8c04-edefb2f87b65}</UniqueIdentifier>
    </Filter>
    <Filter Include="Management">
      <UniqueIdentifier>{dfccb5bf-1134-4085-b5b6-e370bf26a727}</UniqueIdentifier>
    </Filter>
    <Filter Include="Interface">
      <UniqueIdentifier>{11aceed1-c827-41bf-9f7e-b37f6e86e799}</UniqueIdentifier>
    </Filter>
    <Filter Include="Camera">
      <UniqueIdentifier>{532604b1-4d7f-4ea6-af58-f7e15e28a2cf}</UniqueIdentifier>
    </Filter>
    <Filter Include="Light">
      <UniqueIdentifier>{f2f075a3-92ff-486f-bac4-9af69ba1926c}</UniqueIdentifier>
    </Filter>
    <Filter Include="Object">
      <UniqueIdentifier>{1fd9c50e-f004-44e8-99a8-b1ae104857f1}</UniqueIdentifier>
    </Filter>
    <Filter Include="Shader">
      <UniqueIdentifier>{5bd1b6bc-5961-4bd8-be6b-3055d44ba8e9}</UniqueIdentifier>
    </Filter>
    <Filter Include="Common">
      <UniqueIdentifier>{fc331d0b-bd4c-4ad2-be02-28bcf5dc3dfd}</UniqueIdentifier>
    </Filter>
    <Filter Include="Resource">
      <UniqueIdentifier>{1f33f771-493f-48fd-b2e3-1ac0c55eefaa}</UniqueIdentifier>
    </Filter>
    <Filter Include="Pipeline">
      <UniqueIdentifier>{e7ab995b-e03c-49e3-835f-46bef3e6745f}</UniqueIdentifier>
    </Filter>
    <Filter Include="Enum">
      <UniqueIdentifier>{66654c26-2bfd-407b-bbaa-5b2daa0dd1de}</UniqueIdentifier>
    </Filter>
    <Filter Include="Pass">
      <UniqueIdentifier>{97a8e610-7877-490c-8080-7b0aeb522652}</UniqueIdentifier>
    </Filter>
    <Filter Include="Pass\PipelineIndependentPass">
      <UniqueIdentifier>{942150d1-c319-4eff-9fc5-137d9dd94584}</UniqueIdentifier>
    </Filter>
    <Filter Include="Pass\DeferredPipelinePass">
      <UniqueIdentifier>{1d6be577-8eff-409e-a92a-d02ffa59a92f}</UniqueIdentifier>
    </Filter>
    <Filter Include="Pass\ForwardPipelinePass">
      <UniqueIdentifier>{e586501c-4cd0-45eb-a801-0febc3e0f968}</UniqueIdentifier>
    </Filter>
    <Filter Include="Pass\Common">
      <UniqueIdentifier>{889ed25c-ef20-4220-888b-b52dee6d08d8}</UniqueIdentifier>
    </Filter>
    <Filter Include="Resource\Source">
      <UniqueIdentifier>{d745c4c7-c2a3-4639-8d5f-08e06ea7bd0b}</UniqueIdentifier>
    </Filter>
    <Filter Include="Pipeline\Source">
      <UniqueIdentifier>{e690574b-9134-46e4-98e3-2db65ea3b2af}</UniqueIdentifier>
    </Filter>
    <Filter Include="Pass\PipelineIndependentPass\Source">
      <UniqueIdentifier>{864379e6-f4a6-4723-a454-37c0fca263ba}</UniqueIdentifier>
    </Filter>
    <Filter Include="Pass\DeferredPipelinePass\Source">
      <UniqueIdentifier>{c5106147-5025-4352-ae5c-cb83425dbedb}</UniqueIdentifier>
    </Filter>
    <Filter Include="Management\Source">
      <UniqueIdentifier>{c7df1768-221d-429a-89eb-266bc28f71f4}</UniqueIdentifier>
    </Filter>
    <Filter Include="Interface\Source">
      <UniqueIdentifier>{ab28085f-c2bd-40c8-aecf-62403fba26aa}</UniqueIdentifier>
    </Filter>
    <Filter Include="D3D11\Source">
      <UniqueIdentifier>{4ac7734e-88ea-4fe9-8f94-3fd8b76c1c79}</UniqueIdentifier>
    </Filter>
    <Filter Include="Common\Source">
      <UniqueIdentifier>{51c71a07-0194-40f7-b0b2-3f398fe65888}</UniqueIdentifier>
    </Filter>
    <Filter Include="Object\Source">
      <UniqueIdentifier>{77b3181f-8aea-4aff-a2a9-046ad29cb9dd}</UniqueIdentifier>
    </Filter>
    <Filter Include="Shader\VS">
      <UniqueIdentifier>{a6d904d9-8a89-4a6a-976e-cced5b776496}</UniqueIdentifier>
    </Filter>
    <Filter Include="Shader\PS">
      <UniqueIdentifier>{4db707a4-3174-4686-b467-2925be280b6b}</UniqueIdentifier>
    </Filter>
    <Filter Include="Shader\Common">
      <UniqueIdentifier>{58505774-0253-4e7f-ab90-1c3e7c1454c4}</UniqueIdentifier>
    </Filter>
    <Filter Include="Shader\GS">
      <UniqueIdentifier>{58ef2730-721d-4f15-aa74-cfde634218f3}</UniqueIdentifier>
    </Filter>
    <Filter Include="Shader\CS">
      <UniqueIdentifier>{67e8f569-c48a-4c5e-a68d-284803aac6df}</UniqueIdentifier>
    </Filter>
    <Filter Include="Shader\HS">
      <UniqueIdentifier>{c334c3eb-7ebe-49b6-9db9-20caf67234af}</UniqueIdentifier>
    </Filter>
    <Filter Include="Shader\DS">
      <UniqueIdentifier>{36bcf3c2-5b0d-4a7e-9f26-df6390ca562b}</UniqueIdentifier>
    </Filter>
    <Filter Include="D3D11\SHMath">
      <UniqueIdentifier>{1828af67-1bc5-4141-8fc4-5a5c7e9cb194}</UniqueIdentifier>
    </Filter>
  </ItemGroup>
  <ItemGroup>
    <ClCompile Include="Camera.cpp">
      <Filter>Camera</Filter>
    </ClCompile>
    <ClCompile Include="FowardRenderPass.cpp">
      <Filter>Pass\ForwardPipelinePass</Filter>
    </ClCompile>
    <ClCompile Include="NodeHierarchy.cpp">
      <Filter>Resource\Source</Filter>
    </ClCompile>
    <ClCompile Include="Material.cpp">
      <Filter>Resource\Source</Filter>
    </ClCompile>
    <ClCompile Include="Mesh.cpp">
      <Filter>Resource\Source</Filter>
    </ClCompile>
    <ClCompile Include="DeferredPipeline.cpp">
      <Filter>Pipeline\Source</Filter>
    </ClCompile>
    <ClCompile Include="ForwardPipeline.cpp">
      <Filter>Pipeline\Source</Filter>
    </ClCompile>
    <ClCompile Include="RenderPipeline.cpp">
      <Filter>Pipeline\Source</Filter>
    </ClCompile>
    <ClCompile Include="DebugRenderPass.cpp">
      <Filter>Pass\PipelineIndependentPass\Source</Filter>
    </ClCompile>
    <ClCompile Include="FullScreenPass.cpp">
      <Filter>Pass\PipelineIndependentPass\Source</Filter>
    </ClCompile>
    <ClCompile Include="ShadowPass.cpp">
      <Filter>Pass\PipelineIndependentPass\Source</Filter>
    </ClCompile>
    <ClCompile Include="SkyBoxPass.cpp">
      <Filter>Pass\PipelineIndependentPass\Source</Filter>
    </ClCompile>
    <ClCompile Include="TransparentCompositePass.cpp">
      <Filter>Pass\PipelineIndependentPass\Source</Filter>
    </ClCompile>
    <ClCompile Include="TransparentRenderPass.cpp">
      <Filter>Pass\PipelineIndependentPass\Source</Filter>
    </ClCompile>
    <ClCompile Include="DeferredShadingPass.cpp">
      <Filter>Pass\DeferredPipelinePass\Source</Filter>
    </ClCompile>
    <ClCompile Include="DeferredGeometryPass.cpp">
      <Filter>Pass\DeferredPipelinePass\Source</Filter>
    </ClCompile>
    <ClCompile Include="D3D11JobManager.cpp">
      <Filter>Management\Source</Filter>
    </ClCompile>
    <ClCompile Include="D3D11DebugDrawManager.cpp">
      <Filter>Management\Source</Filter>
    </ClCompile>
    <ClCompile Include="D3D11CullingManager.cpp">
      <Filter>Management\Source</Filter>
    </ClCompile>
    <ClCompile Include="D3D11CameraManager.cpp">
      <Filter>Management\Source</Filter>
    </ClCompile>
    <ClCompile Include="D3D11LightManager.cpp">
      <Filter>Management\Source</Filter>
    </ClCompile>
    <ClCompile Include="D3D11ModelManager.cpp">
      <Filter>Management\Source</Filter>
    </ClCompile>
    <ClCompile Include="D3D11ObjectManager.cpp">
      <Filter>Management\Source</Filter>
    </ClCompile>
    <ClCompile Include="D3D11PickingManager.cpp">
      <Filter>Management\Source</Filter>
    </ClCompile>
    <ClCompile Include="D3D11RenderManager.cpp">
      <Filter>Management\Source</Filter>
    </ClCompile>
    <ClCompile Include="D3D11ResourceManager.cpp">
      <Filter>Management\Source</Filter>
    </ClCompile>
    <ClCompile Include="Light.cpp">
      <Filter>Light</Filter>
    </ClCompile>
    <ClCompile Include="IFQGraphics.cpp">
      <Filter>Interface\Source</Filter>
    </ClCompile>
    <ClCompile Include="FQGraphics.cpp">
      <Filter>Interface\Source</Filter>
    </ClCompile>
    <ClCompile Include="D3D11Buffer.cpp">
      <Filter>D3D11\Source</Filter>
    </ClCompile>
    <ClCompile Include="D3D11Device.cpp">
      <Filter>D3D11\Source</Filter>
    </ClCompile>
    <ClCompile Include="D3D11Shader.cpp">
      <Filter>D3D11\Source</Filter>
    </ClCompile>
    <ClCompile Include="D3D11State.cpp">
      <Filter>D3D11\Source</Filter>
    </ClCompile>
    <ClCompile Include="D3D11TextManager.cpp">
      <Filter>D3D11\Source</Filter>
    </ClCompile>
    <ClCompile Include="D3D11Texture.cpp">
      <Filter>D3D11\Source</Filter>
    </ClCompile>
    <ClCompile Include="D3D11View.cpp">
      <Filter>D3D11\Source</Filter>
    </ClCompile>
    <ClCompile Include="ResourceBase.cpp">
      <Filter>D3D11\Source</Filter>
    </ClCompile>
    <ClCompile Include="AnimationHelper.cpp">
      <Filter>Common\Source</Filter>
    </ClCompile>
    <ClCompile Include="ConstantBufferStructure.cpp">
      <Filter>Common\Source</Filter>
    </ClCompile>
    <ClCompile Include="D3D11Util.cpp">
      <Filter>Common\Source</Filter>
    </ClCompile>
    <ClCompile Include="ParticlePass.cpp">
      <Filter>Pass\PipelineIndependentPass\Source</Filter>
    </ClCompile>
    <ClCompile Include="TerrainPass.cpp">
      <Filter>Pass\PipelineIndependentPass\Source</Filter>
    </ClCompile>
    <ClCompile Include="UIManager.cpp">
      <Filter>Management\Source</Filter>
    </ClCompile>
    <ClCompile Include="D3D11ParticleManager.cpp">
      <Filter>Management\Source</Filter>
    </ClCompile>
    <ClCompile Include="SSAOPass.cpp">
      <Filter>Pass\PipelineIndependentPass\Source</Filter>
    </ClCompile>
    <ClCompile Include="SSAODepthPass.cpp">
      <Filter>Pass\PipelineIndependentPass\Source</Filter>
    </ClCompile>
    <ClCompile Include="SingleColorPass.cpp">
      <Filter>Pass\PipelineIndependentPass\Source</Filter>
    </ClCompile>
    <ClCompile Include="OutLinePass.cpp">
      <Filter>Pass\PipelineIndependentPass\Source</Filter>
    </ClCompile>
    <ClCompile Include="OutLineBlurPass.cpp">
      <Filter>Pass\PipelineIndependentPass\Source</Filter>
    </ClCompile>
    <ClCompile Include="OutLineAddPass.cpp">
      <Filter>Pass\PipelineIndependentPass\Source</Filter>
    </ClCompile>
    <ClCompile Include="ParticleObject.cpp">
      <Filter>Object\Source</Filter>
    </ClCompile>
    <ClCompile Include="RenderObject.cpp">
      <Filter>Object\Source</Filter>
    </ClCompile>
    <ClCompile Include="DeferredDecalPass.cpp">
      <Filter>Pass\DeferredPipelinePass\Source</Filter>
    </ClCompile>
    <ClCompile Include="D3D11LightProbeManager.cpp">
      <Filter>Management\Source</Filter>
    </ClCompile>
    <ClCompile Include="TrailRenderPass.cpp">
      <Filter>Pass\PipelineIndependentPass\Source</Filter>
    </ClCompile>
    <ClCompile Include="DecalObject.cpp">
      <Filter>Object\Source</Filter>
    </ClCompile>
    <ClCompile Include="TrailObject.cpp">
      <Filter>Object\Source</Filter>
    </ClCompile>
    <ClCompile Include="GeometryHelper.cpp">
      <Filter>Common\Source</Filter>
    </ClCompile>
    <ClCompile Include="Animation.cpp">
      <Filter>Resource\Source</Filter>
    </ClCompile>
    <ClCompile Include="SHMath\DirectXSH.cpp">
      <Filter>D3D11\SHMath</Filter>
    </ClCompile>
    <ClCompile Include="SHMath\DirectXSHD3D11.cpp">
      <Filter>D3D11\SHMath</Filter>
    </ClCompile>
    <ClCompile Include="SHMath\DirectXSHD3D12.cpp">
      <Filter>D3D11\SHMath</Filter>
    </ClCompile>
    <ClCompile Include="LightProbePass.cpp">
      <Filter>Pass\PipelineIndependentPass\Source</Filter>
    </ClCompile>
    <ClCompile Include="LightProbeAddPass.cpp">
      <Filter>Pass\PipelineIndependentPass\Source</Filter>
    </ClCompile>
    <ClCompile Include="DebugLightProbePass.cpp">
      <Filter>Pass\PipelineIndependentPass\Source</Filter>
    </ClCompile>
    <ClCompile Include="D3D11PostProcessingManager.cpp">
      <Filter>Management\Source</Filter>
    </ClCompile>
    <ClCompile Include="RenderJob.cpp" />
  </ItemGroup>
  <ItemGroup>
    <None Include="DecalCommon.hlsli">
      <Filter>Shader\Common</Filter>
    </None>
    <None Include="Common.hlsli">
      <Filter>Shader\Common</Filter>
    </None>
    <None Include="ParticleCommon.hlsli">
      <Filter>Shader\Common</Filter>
    </None>
    <None Include="Probe.hlsli">
      <Filter>Shader\Common</Filter>
    </None>
  </ItemGroup>
  <ItemGroup>
    <CustomBuild Include="DeferredDecalPS.hlsl">
      <Filter>Shader\PS</Filter>
    </CustomBuild>
    <CustomBuild Include="FullScreenPS.hlsl">
      <Filter>Shader\PS</Filter>
    </CustomBuild>
    <CustomBuild Include="ModelPS.hlsl">
      <Filter>Shader\PS</Filter>
    </CustomBuild>
    <CustomBuild Include="ModelPSDeferred.hlsl">
      <Filter>Shader\PS</Filter>
    </CustomBuild>
    <CustomBuild Include="ModelTransparentPS.hlsl">
      <Filter>Shader\PS</Filter>
    </CustomBuild>
    <CustomBuild Include="OutLineAddPS.hlsl">
      <Filter>Shader\PS</Filter>
    </CustomBuild>
    <CustomBuild Include="OutLineBlurPS.hlsl">
      <Filter>Shader\PS</Filter>
    </CustomBuild>
    <CustomBuild Include="OutLinePS.hlsl">
      <Filter>Shader\PS</Filter>
    </CustomBuild>
    <CustomBuild Include="ParticlePS.hlsl">
      <Filter>Shader\PS</Filter>
    </CustomBuild>
    <CustomBuild Include="PickingPS.hlsl">
      <Filter>Shader\PS</Filter>
    </CustomBuild>
    <CustomBuild Include="SingleColorPS.hlsl">
      <Filter>Shader\PS</Filter>
    </CustomBuild>
    <CustomBuild Include="SkyBoxPS.hlsl">
      <Filter>Shader\PS</Filter>
    </CustomBuild>
    <CustomBuild Include="SSAODepthPS.hlsl">
      <Filter>Shader\PS</Filter>
    </CustomBuild>
    <CustomBuild Include="SSAOPS.hlsl">
      <Filter>Shader\PS</Filter>
    </CustomBuild>
    <CustomBuild Include="TerrainPS.hlsl">
      <Filter>Shader\PS</Filter>
    </CustomBuild>
    <CustomBuild Include="DeferredDecalVS.hlsl">
      <Filter>Shader\VS</Filter>
    </CustomBuild>
    <CustomBuild Include="FullScreenVS.hlsl">
      <Filter>Shader\VS</Filter>
    </CustomBuild>
    <CustomBuild Include="ModelShadowVS.hlsl">
      <Filter>Shader\VS</Filter>
    </CustomBuild>
    <CustomBuild Include="ModelVS.hlsl">
      <Filter>Shader\VS</Filter>
    </CustomBuild>
    <CustomBuild Include="OutLineAddVS.hlsl">
      <Filter>Shader\VS</Filter>
    </CustomBuild>
    <CustomBuild Include="OutLineBlurVS.hlsl">
      <Filter>Shader\VS</Filter>
    </CustomBuild>
    <CustomBuild Include="OutLineVS.hlsl">
      <Filter>Shader\VS</Filter>
    </CustomBuild>
    <CustomBuild Include="ParticleVS.hlsl">
      <Filter>Shader\VS</Filter>
    </CustomBuild>
    <CustomBuild Include="PickingVS.hlsl">
      <Filter>Shader\VS</Filter>
    </CustomBuild>
    <CustomBuild Include="SingleColorVS.hlsl">
      <Filter>Shader\VS</Filter>
    </CustomBuild>
    <CustomBuild Include="SkyBoxVS.hlsl">
      <Filter>Shader\VS</Filter>
    </CustomBuild>
    <CustomBuild Include="SSAODepthVS.hlsl">
      <Filter>Shader\VS</Filter>
    </CustomBuild>
    <CustomBuild Include="SSAOVS.hlsl">
      <Filter>Shader\VS</Filter>
    </CustomBuild>
    <CustomBuild Include="TerrainVS.hlsl">
      <Filter>Shader\VS</Filter>
    </CustomBuild>
    <CustomBuild Include="TerrainDS.hlsl">
      <Filter>Shader\DS</Filter>
    </CustomBuild>
    <CustomBuild Include="TerrainHS.hlsl">
      <Filter>Shader\HS</Filter>
    </CustomBuild>
    <CustomBuild Include="ParticleSimulateCS.hlsl">
      <Filter>Shader\CS</Filter>
    </CustomBuild>
    <CustomBuild Include="ParticleInitCS.hlsl">
      <Filter>Shader\CS</Filter>
    </CustomBuild>
    <CustomBuild Include="ParticleEmitCS.hlsl">
      <Filter>Shader\CS</Filter>
    </CustomBuild>
    <CustomBuild Include="ParticleDeadListInitCS.hlsl">
      <Filter>Shader\CS</Filter>
    </CustomBuild>
    <CustomBuild Include="ParticleGS.hlsl">
      <Filter>Shader\GS</Filter>
    </CustomBuild>
    <CustomBuild Include="ModelShadowGS.hlsl">
      <Filter>Shader\GS</Filter>
    </CustomBuild>
    <CustomBuild Include="TrailVS.hlsl">
      <Filter>Shader\VS</Filter>
    </CustomBuild>
    <CustomBuild Include="TrailPS.hlsl">
      <Filter>Shader\PS</Filter>
    </CustomBuild>
    <CustomBuild Include="DiffuseIrradianceCS.hlsl">
      <Filter>Shader\CS</Filter>
    </CustomBuild>
    <CustomBuild Include="ResizeCubemapCS.hlsl">
      <Filter>Shader\CS</Filter>
    </CustomBuild>
    <CustomBuild Include="SpecularBRDFCS.hlsl">
      <Filter>Shader\CS</Filter>
    </CustomBuild>
    <CustomBuild Include="SpecularIBLCS.hlsl">
      <Filter>Shader\CS</Filter>
    </CustomBuild>
    <CustomBuild Include="LightProbeVS.hlsl">
      <Filter>Shader\VS</Filter>
    </CustomBuild>
    <CustomBuild Include="LightProbePS.hlsl">
      <Filter>Shader\PS</Filter>
    </CustomBuild>
    <CustomBuild Include="LightProbeAddPS.hlsl">
      <Filter>Shader\PS</Filter>
    </CustomBuild>
    <CustomBuild Include="LightProbeAddVS.hlsl">
      <Filter>Shader\VS</Filter>
    </CustomBuild>
    <CustomBuild Include="DebugLightprobeVS.hlsl">
      <Filter>Shader\VS</Filter>
    </CustomBuild>
    <CustomBuild Include="DebugLightProbePS.hlsl">
      <Filter>Shader\PS</Filter>
    </CustomBuild>
    <CustomBuild Include="PostProcessingPS.hlsl">
      <Filter>Shader\PS</Filter>
    </CustomBuild>
    <CustomBuild Include="BloomExtractBrightAreasCS.hlsl">
      <Filter>Shader\CS</Filter>
    </CustomBuild>
    <CustomBuild Include="BlurVertCS.hlsl">
      <Filter>Shader\CS</Filter>
    </CustomBuild>
    <CustomBuild Include="BloomAccumulateCS.hlsl">
      <Filter>Shader\CS</Filter>
    </CustomBuild>
    <CustomBuild Include="BloomDownSampleCS.hlsl">
      <Filter>Shader\CS</Filter>
    </CustomBuild>
    <CustomBuild Include="BlurHorzCS.hlsl">
      <Filter>Shader\CS</Filter>
    </CustomBuild>
    <CustomBuild Include="SSRCS.hlsl">
      <Filter>Shader\CS</Filter>
    </CustomBuild>
    <CustomBuild Include="TestSSRPS.hlsl">
      <Filter>Shader\PS</Filter>
    </CustomBuild>
    <CustomBuild Include="TestSSRVS.hlsl">
      <Filter>Shader\VS</Filter>
    </CustomBuild>
  </ItemGroup>
</Project>