<?xml version="1.0" encoding="utf-8"?>
<Project ToolsVersion="4.0" xmlns="http://schemas.microsoft.com/developer/msbuild/2003">
  <ItemGroup>
    <Filter Include="Grphiacs">
      <UniqueIdentifier>{57dc4099-21cf-4228-832b-27bb9ff35444}</UniqueIdentifier>
    </Filter>
    <Filter Include="Physics">
      <UniqueIdentifier>{3722a93d-bbd6-46f9-a30c-84f327b0b78e}</UniqueIdentifier>
    </Filter>
    <Filter Include="Common">
      <UniqueIdentifier>{0ca554b7-5e24-4625-9245-da4eafa1df62}</UniqueIdentifier>
    </Filter>
    <Filter Include="Loader">
      <UniqueIdentifier>{fe10f757-16b7-4414-90bc-d96127463b77}</UniqueIdentifier>
    </Filter>
  </ItemGroup>
  <ItemGroup>
    <ClInclude Include="FQCommonGraphics.h">
      <Filter>Grphiacs</Filter>
    </ClInclude>
    <ClInclude Include="FQCommon.h">
      <Filter>Common</Filter>
    </ClInclude>
    <ClInclude Include="FQPath.h">
      <Filter>Common</Filter>
    </ClInclude>
    <ClInclude Include="FQCommonLoader.h">
      <Filter>Loader</Filter>
    </ClInclude>
  </ItemGroup>
  <ItemGroup>
    <ClCompile Include="FQPath.cpp">
      <Filter>Common</Filter>
    </ClCompile>
  </ItemGroup>
</Project>