<?xml version="1.0" encoding="utf-8"?>
<Project ToolsVersion="4.0" xmlns="http://schemas.microsoft.com/developer/msbuild/2003">
  <ItemGroup>
    <Filter Include="Grphiacs">
      <UniqueIdentifier>{57dc4099-21cf-4228-832b-27bb9ff35444}</UniqueIdentifier>
    </Filter>
    <Filter Include="Physics">
      <UniqueIdentifier>{3722a93d-bbd6-46f9-a30c-84f327b0b78e}</UniqueIdentifier>
    </Filter>
    <Filter Include="Common">
      <UniqueIdentifier>{7c2d67e2-b897-4295-87ea-fedd5007379c}</UniqueIdentifier>
    </Filter>
  </ItemGroup>
  <ItemGroup>
    <ClInclude Include="FQCommon.h">
      <Filter>Common</Filter>
    </ClInclude>
    <ClInclude Include="FQPath.h">
      <Filter>Physics</Filter>
    </ClInclude>
  </ItemGroup>
  <ItemGroup>
    <ClCompile Include="FQPath.cpp">
      <Filter>Physics</Filter>
    </ClCompile>
  </ItemGroup>
</Project>