<?xml version="1.0" encoding="utf-8"?>
<Project ToolsVersion="4.0" xmlns="http://schemas.microsoft.com/developer/msbuild/2003">
  <ItemGroup>
    <Filter Include="src">
      <UniqueIdentifier>{4FC737F1-C7A5-4376-A066-2A32D752A2FF}</UniqueIdentifier>
      <Extensions>cpp;c;cc;cxx;c++;cppm;ixx;def;odl;idl;hpj;bat;asm;asmx</Extensions>
    </Filter>
    <Filter Include="src\03.Scene">
      <UniqueIdentifier>{9bb4fa03-222b-4576-ac8a-20fa835d5a6a}</UniqueIdentifier>
    </Filter>
    <Filter Include="src\04.Event">
      <UniqueIdentifier>{432315ef-c53f-405d-86f7-6c039bdcb13a}</UniqueIdentifier>
    </Filter>
    <Filter Include="src\05.Input">
      <UniqueIdentifier>{a2f51288-f5e0-486e-80da-10f0e050681f}</UniqueIdentifier>
    </Filter>
    <Filter Include="include">
      <UniqueIdentifier>{93995380-89BD-4b04-88EB-625FBE52EBFB}</UniqueIdentifier>
      <Extensions>h;hh;hpp;hxx;h++;hm;inl;inc;ipp;xsd</Extensions>
    </Filter>
    <Filter Include="include\03.Scene">
      <UniqueIdentifier>{a3ec320c-8625-4813-8bff-03f15e6d67fa}</UniqueIdentifier>
    </Filter>
    <Filter Include="include\04.Event">
      <UniqueIdentifier>{888e2fa8-48cf-4600-afba-d2abbbd0b5b1}</UniqueIdentifier>
    </Filter>
    <Filter Include="include\05.Input">
      <UniqueIdentifier>{0c912d72-6fa1-440d-98f9-c0e2eae0cd6f}</UniqueIdentifier>
    </Filter>
    <Filter Include="include\01.EntityComponent">
      <UniqueIdentifier>{8af22b26-25c9-4353-8ebc-78dc2dc1fb11}</UniqueIdentifier>
    </Filter>
    <Filter Include="src\01.EntityComponent">
      <UniqueIdentifier>{5d28b1e3-0635-403d-9906-51c5bff73cde}</UniqueIdentifier>
    </Filter>
    <Filter Include="include\01.EntityComponent\Internal">
      <UniqueIdentifier>{f67d1a9f-b51e-4ff3-b023-f77a9cd51ee4}</UniqueIdentifier>
    </Filter>
    <Filter Include="src\01.EntityComponent\Internal">
      <UniqueIdentifier>{f099fc72-a4ae-42b5-a922-1e37a39a9274}</UniqueIdentifier>
    </Filter>
    <Filter Include="include\00.Define">
      <UniqueIdentifier>{2aed6e42-fa01-4b0a-9ac6-0d4c1275f424}</UniqueIdentifier>
    </Filter>
    <Filter Include="src\00.Define">
      <UniqueIdentifier>{e48d2721-5a19-4b1f-8b8e-66485dd1be2a}</UniqueIdentifier>
    </Filter>
    <Filter Include="include\06.ObjectManager">
      <UniqueIdentifier>{1c701873-e584-47bc-bca9-5e3cfb552373}</UniqueIdentifier>
    </Filter>
    <Filter Include="src\06.ObjectManager">
      <UniqueIdentifier>{e974bfdd-6214-4649-80f2-85ffc3273cb4}</UniqueIdentifier>
    </Filter>
  </ItemGroup>
  <ItemGroup>
    <ClInclude Include="GameObject.h">
      <Filter>include\01.EntityComponent</Filter>
    </ClInclude>
    <ClInclude Include="Scene.h">
      <Filter>include\03.Scene</Filter>
    </ClInclude>
    <ClInclude Include="EventManager.h">
      <Filter>include\04.Event</Filter>
    </ClInclude>
    <ClInclude Include="InputManager.h">
      <Filter>include\05.Input</Filter>
    </ClInclude>
    <ClInclude Include="TimeManager.h">
      <Filter>include\05.Input</Filter>
    </ClInclude>
    <ClInclude Include="EventHandler.h">
      <Filter>include\04.Event</Filter>
    </ClInclude>
    <ClInclude Include="FunctionTraits.h">
      <Filter>include\04.Event</Filter>
    </ClInclude>
    <ClInclude Include="Event.h">
      <Filter>include\04.Event</Filter>
    </ClInclude>
    <ClInclude Include="SceneManager.h">
      <Filter>include\03.Scene</Filter>
    </ClInclude>
    <ClInclude Include="InputEnum.h">
      <Filter>include\05.Input</Filter>
    </ClInclude>
    <ClInclude Include="Component.h">
      <Filter>include\01.EntityComponent</Filter>
    </ClInclude>
    <ClInclude Include="Transform.h">
      <Filter>include\01.EntityComponent</Filter>
    </ClInclude>
    <ClInclude Include="ComponentIterator.h">
      <Filter>include\01.EntityComponent\Internal</Filter>
    </ClInclude>
    <ClInclude Include="ComponentView.h">
      <Filter>include\01.EntityComponent\Internal</Filter>
    </ClInclude>
    <ClInclude Include="GameObjectIterator.h">
      <Filter>include\01.EntityComponent\Internal</Filter>
    </ClInclude>
    <ClInclude Include="GameObjectView.h">
      <Filter>include\01.EntityComponent\Internal</Filter>
    </ClInclude>
    <ClInclude Include="GameModule.h">
      <Filter>include\00.Define</Filter>
    </ClInclude>
    <ClInclude Include="GameModuleEnum.h">
      <Filter>include\00.Define</Filter>
    </ClInclude>
    <ClInclude Include="ObjectManager.h">
      <Filter>include\06.ObjectManager</Filter>
    </ClInclude>
    <ClInclude Include="SceneHelper.h">
      <Filter>include\03.Scene</Filter>
    </ClInclude>
    <ClInclude Include="ResourceManager.h">
      <Filter>include\06.ObjectManager</Filter>
    </ClInclude>
    <ClInclude Include="GameModuleRegister.h">
      <Filter>include\00.Define</Filter>
    </ClInclude>
    <ClInclude Include="Camera.h">
      <Filter>include\01.EntityComponent</Filter>
    </ClInclude>
    <ClInclude Include="StaticMeshRenderer.h">
      <Filter>include\01.EntityComponent</Filter>
    </ClInclude>
    <ClInclude Include="SkinnedMeshRenderer.h">
      <Filter>include\01.EntityComponent</Filter>
    </ClInclude>
  </ItemGroup>
  <ItemGroup>
    <ClCompile Include="GameObject.cpp">
      <Filter>src\01.EntityComponent</Filter>
    </ClCompile>
    <ClCompile Include="Scene.cpp">
      <Filter>src\03.Scene</Filter>
    </ClCompile>
    <ClCompile Include="EventManager.cpp">
      <Filter>src\04.Event</Filter>
    </ClCompile>
    <ClCompile Include="EventHandler.cpp">
      <Filter>src\04.Event</Filter>
    </ClCompile>
    <ClCompile Include="TimeManager.cpp">
      <Filter>src\05.Input</Filter>
    </ClCompile>
    <ClCompile Include="InputManager.cpp">
      <Filter>src\05.Input</Filter>
    </ClCompile>
    <ClCompile Include="SceneManager.cpp">
      <Filter>src\03.Scene</Filter>
    </ClCompile>
    <ClCompile Include="Component.cpp">
      <Filter>src\01.EntityComponent</Filter>
    </ClCompile>
    <ClCompile Include="Transform.cpp">
      <Filter>src\01.EntityComponent</Filter>
    </ClCompile>
    <ClCompile Include="GameObjectView.cpp">
      <Filter>src\01.EntityComponent\Internal</Filter>
    </ClCompile>
    <ClCompile Include="GameObjectIterator.cpp">
      <Filter>src\01.EntityComponent\Internal</Filter>
    </ClCompile>
    <ClCompile Include="ComponentView.cpp">
      <Filter>src\01.EntityComponent\Internal</Filter>
    </ClCompile>
    <ClCompile Include="ComponentIterator.cpp">
      <Filter>src\01.EntityComponent\Internal</Filter>
    </ClCompile>
    <ClCompile Include="GameModuleEnum.cpp">
      <Filter>src\00.Define</Filter>
    </ClCompile>
    <ClCompile Include="ObjectManager.cpp">
      <Filter>src\06.ObjectManager</Filter>
    </ClCompile>
    <ClCompile Include="SceneHelper.cpp">
      <Filter>src\03.Scene</Filter>
    </ClCompile>
    <ClCompile Include="ResourceManager.cpp">
      <Filter>src\06.ObjectManager</Filter>
    </ClCompile>
    <ClCompile Include="GameModuleRegister.cpp">
      <Filter>src\00.Define</Filter>
    </ClCompile>
    <ClCompile Include="Camera.cpp">
      <Filter>src\01.EntityComponent</Filter>
    </ClCompile>
    <ClCompile Include="StaticMeshRenderer.cpp">
      <Filter>src\01.EntityComponent</Filter>
    </ClCompile>
    <ClCompile Include="SkinnedMeshRenderer.cpp">
      <Filter>src\01.EntityComponent</Filter>
    </ClCompile>
  </ItemGroup>
</Project>