<?xml version="1.0" encoding="utf-8"?>
<Project ToolsVersion="4.0" xmlns="http://schemas.microsoft.com/developer/msbuild/2003">
  <ItemGroup>
    <Filter Include="EntryPoint">
      <UniqueIdentifier>{5367873a-0479-4013-ae03-29cacf0f7376}</UniqueIdentifier>
    </Filter>
    <Filter Include="Process">
      <UniqueIdentifier>{6d94534b-750b-4bdb-b952-fba427a31f34}</UniqueIdentifier>
    </Filter>
    <Filter Include="Process\BaseWindow">
      <UniqueIdentifier>{1845a9a6-70ac-4872-9780-79098ee89c22}</UniqueIdentifier>
    </Filter>
    <Filter Include="Control">
      <UniqueIdentifier>{e141f691-b399-4604-8990-2a4e9aab5b97}</UniqueIdentifier>
    </Filter>
    <Filter Include="Utils">
      <UniqueIdentifier>{62fd0d3f-f4a5-4920-8b98-53ea8704293f}</UniqueIdentifier>
    </Filter>
    <Filter Include="Process\Source">
      <UniqueIdentifier>{1d47667f-579f-4f14-a438-35fdc42d1964}</UniqueIdentifier>
    </Filter>
  </ItemGroup>
  <ItemGroup>
    <ClInclude Include="BaseWindow.h">
      <Filter>Process\BaseWindow</Filter>
    </ClInclude>
    <ClInclude Include="Process.h">
      <Filter>Process</Filter>
    </ClInclude>
    <ClInclude Include="TimeManager.h">
      <Filter>Control</Filter>
    </ClInclude>
    <ClInclude Include="InputManager.h">
      <Filter>Control</Filter>
    </ClInclude>
    <ClInclude Include="Singleton.h">
      <Filter>Control</Filter>
    </ClInclude>
    <ClInclude Include="TerrainDemo.h">
      <Filter>Process</Filter>
    </ClInclude>
    <ClInclude Include="DemoUtils.h">
      <Filter>Utils</Filter>
    </ClInclude>
    <ClInclude Include="DefaultDemo.h">
      <Filter>Process</Filter>
    </ClInclude>
    <ClInclude Include="UIDemo.h">
      <Filter>Process</Filter>
    </ClInclude>
    <ClInclude Include="RenderObjectDemo.h">
      <Filter>Process</Filter>
    </ClInclude>
    <ClInclude Include="EffectDemo.h">
      <Filter>Process</Filter>
    </ClInclude>
    <ClInclude Include="PostProcessingDemo.h">
      <Filter>Process</Filter>
    </ClInclude>
  </ItemGroup>
  <ItemGroup>
    <ClCompile Include="main.cpp">
      <Filter>EntryPoint</Filter>
    </ClCompile>
    <ClCompile Include="TimeManager.cpp">
      <Filter>Control</Filter>
    </ClCompile>
    <ClCompile Include="InputManager.cpp">
      <Filter>Control</Filter>
    </ClCompile>
    <ClCompile Include="DemoUtils.cpp">
      <Filter>Utils</Filter>
    </ClCompile>
    <ClCompile Include="UIDemo.cpp">
      <Filter>Process\Source</Filter>
    </ClCompile>
    <ClCompile Include="DefaultDemo.cpp">
      <Filter>Process\Source</Filter>
    </ClCompile>
    <ClCompile Include="EffectDemo.cpp">
      <Filter>Process\Source</Filter>
    </ClCompile>
    <ClCompile Include="PostProcessingDemo.cpp">
      <Filter>Process\Source</Filter>
    </ClCompile>
    <ClCompile Include="Process.cpp">
      <Filter>Process\Source</Filter>
    </ClCompile>
    <ClCompile Include="RenderObjectDemo.cpp">
      <Filter>Process\Source</Filter>
    </ClCompile>
    <ClCompile Include="TerrainDemo.cpp">
      <Filter>Process\Source</Filter>
    </ClCompile>
  </ItemGroup>
</Project>