<?xml version="1.0" encoding="utf-8"?>
<Project ToolsVersion="4.0" xmlns="http://schemas.microsoft.com/developer/msbuild/2003">
  <ItemGroup>
    <Filter Include="Interface">
      <UniqueIdentifier>{8ccd3320-8ded-41f1-82ff-4b5a36c1a16c}</UniqueIdentifier>
    </Filter>
    <Filter Include="physx">
      <UniqueIdentifier>{872a7053-a4db-4092-8d1b-7df60631faf6}</UniqueIdentifier>
    </Filter>
    <Filter Include="Manager">
      <UniqueIdentifier>{2f5b572a-f716-4d41-bc93-347ba83f9d88}</UniqueIdentifier>
    </Filter>
    <Filter Include="EngineDataConverter">
      <UniqueIdentifier>{752b9b18-cffd-4eb2-b3d8-9cbf956e680f}</UniqueIdentifier>
    </Filter>
    <Filter Include="Tool">
      <UniqueIdentifier>{b44d4da7-2419-4b10-93d2-155e5d2d13d7}</UniqueIdentifier>
    </Filter>
    <Filter Include="Character">
      <UniqueIdentifier>{25a9dc98-8c40-4f55-8d6b-789cb7bffea0}</UniqueIdentifier>
    </Filter>
    <Filter Include="Character\CharacterController">
      <UniqueIdentifier>{8b735414-48ea-4b82-9509-7398b9e8dd9c}</UniqueIdentifier>
    </Filter>
    <Filter Include="Character\CharacterPhysics">
      <UniqueIdentifier>{c17eaaae-1433-4f14-8b3c-8cf2bf1ae99c}</UniqueIdentifier>
    </Filter>
    <Filter Include="Resource">
      <UniqueIdentifier>{5b9aa5bd-8e15-4218-86dd-cda0e21c807b}</UniqueIdentifier>
    </Filter>
    <Filter Include="PhysicsActor">
      <UniqueIdentifier>{d564109f-2285-4bf2-ae69-71b3855290de}</UniqueIdentifier>
    </Filter>
    <Filter Include="PhysicsActor\Header">
      <UniqueIdentifier>{37b9fb57-bd86-478c-8bf1-7f37d9a0cf8d}</UniqueIdentifier>
    </Filter>
    <Filter Include="Manager\Header">
      <UniqueIdentifier>{f2137e3f-9175-4f40-8334-28b653dbc0cd}</UniqueIdentifier>
    </Filter>
    <Filter Include="Resource\Header">
      <UniqueIdentifier>{91398720-00b3-4e8a-869a-cb0c79d45d94}</UniqueIdentifier>
    </Filter>
    <Filter Include="Interface\Header">
      <UniqueIdentifier>{2f5ee099-8f9d-4bc1-8444-8a9b82c3ada2}</UniqueIdentifier>
    </Filter>
    <Filter Include="Character\CharacterController\Header">
      <UniqueIdentifier>{387369ea-a17e-43cc-91c4-21e556233bf9}</UniqueIdentifier>
    </Filter>
    <Filter Include="Character\CharacterPhysics\Header">
      <UniqueIdentifier>{f1e7ae0f-1f54-43bc-8f48-7ef64760b066}</UniqueIdentifier>
    </Filter>
  </ItemGroup>
  <ItemGroup>
    <ClInclude Include="Physics.h">
      <Filter>physx</Filter>
    </ClInclude>
    <ClInclude Include="EngineDataConverter.h">
      <Filter>EngineDataConverter</Filter>
    </ClInclude>
    <ClInclude Include="PhysicsCookingMeshTool.h">
      <Filter>Tool</Filter>
    </ClInclude>
    <ClInclude Include="CharacterPhysics.h">
      <Filter>Character\CharacterPhysics</Filter>
    </ClInclude>
    <ClInclude Include="CudaClothTool.h">
      <Filter>PhysicsActor\Header</Filter>
    </ClInclude>
    <ClInclude Include="CudaPhysicsCloth.h">
      <Filter>PhysicsActor\Header</Filter>
    </ClInclude>
    <ClInclude Include="PhysicsSimulationEventCallback.h">
      <Filter>PhysicsActor\Header</Filter>
    </ClInclude>
    <ClInclude Include="DynamicRigidBody.h">
      <Filter>PhysicsActor\Header</Filter>
    </ClInclude>
    <ClInclude Include="RigidBody.h">
      <Filter>PhysicsActor\Header</Filter>
    </ClInclude>
    <ClInclude Include="StaticRigidBody.h">
      <Filter>PhysicsActor\Header</Filter>
    </ClInclude>
    <ClInclude Include="PhysicsCharacterPhysicsManager.h">
      <Filter>Manager\Header</Filter>
    </ClInclude>
    <ClInclude Include="PhysicsCharactorControllerManager.h">
      <Filter>Manager\Header</Filter>
    </ClInclude>
    <ClInclude Include="PhysicsClothManager.h">
      <Filter>Manager\Header</Filter>
    </ClInclude>
    <ClInclude Include="PhysicsCollisionDataManager.h">
      <Filter>Manager\Header</Filter>
    </ClInclude>
    <ClInclude Include="PhysicsResourceManager.h">
      <Filter>Manager\Header</Filter>
    </ClInclude>
    <ClInclude Include="PhysicsRigidBodyManager.h">
      <Filter>Manager\Header</Filter>
    </ClInclude>
    <ClInclude Include="ConvexMeshResource.h">
      <Filter>Resource\Header</Filter>
    </ClInclude>
    <ClInclude Include="ResourceBase.h">
      <Filter>Resource\Header</Filter>
    </ClInclude>
    <ClInclude Include="FQPhysics.h">
      <Filter>Interface\Header</Filter>
    </ClInclude>
    <ClInclude Include="IFQPhysics.h">
      <Filter>Interface\Header</Filter>
    </ClInclude>
    <ClInclude Include="CharacterQueryFilterCallback.h">
      <Filter>Character\CharacterController\Header</Filter>
    </ClInclude>
    <ClInclude Include="PhysicsCCTHitCallback.h">
      <Filter>Character\CharacterController\Header</Filter>
    </ClInclude>
    <ClInclude Include="PlayerCharacterController.h">
      <Filter>Character\CharacterController\Header</Filter>
    </ClInclude>
    <ClInclude Include="CharacterController.h">
      <Filter>Character\CharacterController\Header</Filter>
    </ClInclude>
    <ClInclude Include="CharacterMovement.h">
      <Filter>Character\CharacterController\Header</Filter>
    </ClInclude>
    <ClInclude Include="CharacterJoint.h">
      <Filter>Character\CharacterPhysics\Header</Filter>
    </ClInclude>
    <ClInclude Include="CharacterLink.h">
      <Filter>Character\CharacterPhysics\Header</Filter>
    </ClInclude>
    <ClInclude Include="HeightFieldResource.h">
      <Filter>Resource\Header</Filter>
    </ClInclude>
    <ClInclude Include="TriangleMeshResource.h">
      <Filter>Resource\Header</Filter>
    </ClInclude>
    <ClInclude Include="DebugData.h" />
  </ItemGroup>
  <ItemGroup>
    <ClCompile Include="IFQPhysics.cpp">
      <Filter>Interface</Filter>
    </ClCompile>
    <ClCompile Include="FQPhysics.cpp">
      <Filter>Interface</Filter>
    </ClCompile>
    <ClCompile Include="PhysicsRigidBodyManager.cpp">
      <Filter>Manager</Filter>
    </ClCompile>
    <ClCompile Include="Physics.cpp">
      <Filter>physx</Filter>
    </ClCompile>
    <ClCompile Include="EngineDataConverter.cpp">
      <Filter>EngineDataConverter</Filter>
    </ClCompile>
    <ClCompile Include="PhysicsCookingMeshTool.cpp">
      <Filter>Tool</Filter>
    </ClCompile>
    <ClCompile Include="PhysicsCharactorControllerManager.cpp">
      <Filter>Manager</Filter>
    </ClCompile>
    <ClCompile Include="PhysicsCharacterPhysicsManager.cpp">
      <Filter>Manager</Filter>
    </ClCompile>
    <ClCompile Include="CharacterPhysics.cpp">
      <Filter>Character\CharacterPhysics</Filter>
    </ClCompile>
    <ClCompile Include="PhysicsResourceManager.cpp">
      <Filter>Manager</Filter>
    </ClCompile>
    <ClCompile Include="ResourceBase.cpp">
      <Filter>Resource</Filter>
    </ClCompile>
    <ClCompile Include="PhysicsClothManager.cpp">
      <Filter>Manager</Filter>
    </ClCompile>
    <ClCompile Include="CharacterController.cpp">
      <Filter>Character\CharacterController</Filter>
    </ClCompile>
    <ClCompile Include="CharacterMovement.cpp">
      <Filter>Character\CharacterController</Filter>
    </ClCompile>
    <ClCompile Include="PhysicsCollisionDataManager.cpp">
      <Filter>Manager</Filter>
    </ClCompile>
    <ClCompile Include="CudaPhysicsCloth.cpp">
      <Filter>PhysicsActor</Filter>
    </ClCompile>
    <ClCompile Include="PhysicsSimulationEventCallback.cpp">
      <Filter>PhysicsActor</Filter>
    </ClCompile>
    <ClCompile Include="DynamicRigidBody.cpp">
      <Filter>PhysicsActor</Filter>
    </ClCompile>
    <ClCompile Include="RigidBody.cpp">
      <Filter>PhysicsActor</Filter>
    </ClCompile>
    <ClCompile Include="StaticRigidBody.cpp">
      <Filter>PhysicsActor</Filter>
    </ClCompile>
    <ClCompile Include="ConvexMeshResource.cpp">
      <Filter>Resource</Filter>
    </ClCompile>
    <ClCompile Include="PlayerCharacterController.cpp">
      <Filter>Character\CharacterController</Filter>
    </ClCompile>
    <ClCompile Include="PhysicsCCTHitCallback.cpp">
      <Filter>Character\CharacterController</Filter>
    </ClCompile>
    <ClCompile Include="CharacterQueryFilterCallback.cpp">
      <Filter>Character\CharacterController</Filter>
    </ClCompile>
    <ClCompile Include="CharacterLink.cpp">
      <Filter>Character\CharacterPhysics</Filter>
    </ClCompile>
    <ClCompile Include="CharacterJoint.cpp">
      <Filter>Character\CharacterPhysics</Filter>
    </ClCompile>
    <ClCompile Include="HeightFieldResource.cpp">
      <Filter>Resource</Filter>
    </ClCompile>
    <ClCompile Include="TriangleMeshResource.cpp">
      <Filter>Resource</Filter>
    </ClCompile>
    <ClCompile Include="DebugData.cpp" />
  </ItemGroup>
  <ItemGroup>
    <None Include="cpp.hint" />
  </ItemGroup>
  <ItemGroup>
    <CudaCompile Include="CudaClothTool.cu">
      <Filter>PhysicsActor</Filter>
    </CudaCompile>
  </ItemGroup>
</Project>