
Microsoft Visual Studio Solution File, Format Version 12.00
# Visual Studio Version 17
VisualStudioVersion = 17.9.34714.143
MinimumVisualStudioVersion = 10.0.40219.1
Project("{8BC9CEB8-8B4A-11D0-8D11-00A0C91BC942}") = "FQGameEngineDemo", "FQGameEngineDemo\FQGameEngineDemo.vcxproj", "{979A4460-EAB4-46BA-92CC-566010A3C33A}"
EndProject
Project("{8BC9CEB8-8B4A-11D0-8D11-00A0C91BC942}") = "FQReflect", "FQReflect\FQReflect.vcxproj", "{6FA5F6A1-93BF-4C23-A2E7-E20C7E82377E}"
EndProject
Project("{8BC9CEB8-8B4A-11D0-8D11-00A0C91BC942}") = "FQGameModule", "FQGameModule\FQGameModule.vcxproj", "{9F999A18-37FC-4A3E-9303-7BE8A0ED2F1E}"
EndProject
Project("{8BC9CEB8-8B4A-11D0-8D11-00A0C91BC942}") = "FQGameEngine", "FQGameEngine\FQGameEngine.vcxproj", "{13C8105F-8D17-45D9-98D5-BFEC27311F38}"
EndProject
Project("{8BC9CEB8-8B4A-11D0-8D11-00A0C91BC942}") = "FQCommon", "FQCommon\FQCommon.vcxproj", "{80B6857C-9C5D-4D1F-9765-01FB3BB4C720}"
EndProject
Project("{8BC9CEB8-8B4A-11D0-8D11-00A0C91BC942}") = "FQGraphics", "FQGraphics\FQGraphics.vcxproj", "{B977A79F-FE96-446A-B70B-AE1A9A59BD8F}"
EndProject
Project("{8BC9CEB8-8B4A-11D0-8D11-00A0C91BC942}") = "FQLoader", "FQLoader\FQLoader.vcxproj", "{6567F0FF-6867-4C18-888D-6B7B5FF432F3}"
EndProject
Project("{8BC9CEB8-8B4A-11D0-8D11-00A0C91BC942}") = "FQphysics", "FQphysics\FQphysics.vcxproj", "{76516359-368D-4B53-A618-89C14D71805C}"
EndProject
Project("{8BC9CEB8-8B4A-11D0-8D11-00A0C91BC942}") = "FQClient", "FQClient\FQClient.vcxproj", "{CE249289-8899-4B19-B2E1-F047675A5B4B}"
EndProject
Global
	GlobalSection(SolutionConfigurationPlatforms) = preSolution
		Debug|x64 = Debug|x64
		Debug|x86 = Debug|x86
		Release|x64 = Release|x64
		Release|x86 = Release|x86
		Test|x64 = Test|x64
		Test|x86 = Test|x86
	EndGlobalSection
	GlobalSection(ProjectConfigurationPlatforms) = postSolution
		{979A4460-EAB4-46BA-92CC-566010A3C33A}.Debug|x64.ActiveCfg = Debug|x64
		{979A4460-EAB4-46BA-92CC-566010A3C33A}.Debug|x64.Build.0 = Debug|x64
		{979A4460-EAB4-46BA-92CC-566010A3C33A}.Debug|x86.ActiveCfg = Debug|Win32
		{979A4460-EAB4-46BA-92CC-566010A3C33A}.Debug|x86.Build.0 = Debug|Win32
		{979A4460-EAB4-46BA-92CC-566010A3C33A}.Release|x64.ActiveCfg = Release|x64
		{979A4460-EAB4-46BA-92CC-566010A3C33A}.Release|x64.Build.0 = Release|x64
		{979A4460-EAB4-46BA-92CC-566010A3C33A}.Release|x86.ActiveCfg = Release|Win32
		{979A4460-EAB4-46BA-92CC-566010A3C33A}.Release|x86.Build.0 = Release|Win32
		{979A4460-EAB4-46BA-92CC-566010A3C33A}.Test|x64.ActiveCfg = Test|x64
		{979A4460-EAB4-46BA-92CC-566010A3C33A}.Test|x64.Build.0 = Test|x64
		{979A4460-EAB4-46BA-92CC-566010A3C33A}.Test|x86.ActiveCfg = Test|Win32
		{979A4460-EAB4-46BA-92CC-566010A3C33A}.Test|x86.Build.0 = Test|Win32
		{6FA5F6A1-93BF-4C23-A2E7-E20C7E82377E}.Debug|x64.ActiveCfg = Debug|x64
		{6FA5F6A1-93BF-4C23-A2E7-E20C7E82377E}.Debug|x64.Build.0 = Debug|x64
		{6FA5F6A1-93BF-4C23-A2E7-E20C7E82377E}.Debug|x86.ActiveCfg = Debug|Win32
		{6FA5F6A1-93BF-4C23-A2E7-E20C7E82377E}.Debug|x86.Build.0 = Debug|Win32
		{6FA5F6A1-93BF-4C23-A2E7-E20C7E82377E}.Release|x64.ActiveCfg = Release|x64
		{6FA5F6A1-93BF-4C23-A2E7-E20C7E82377E}.Release|x64.Build.0 = Release|x64
		{6FA5F6A1-93BF-4C23-A2E7-E20C7E82377E}.Release|x86.ActiveCfg = Release|Win32
		{6FA5F6A1-93BF-4C23-A2E7-E20C7E82377E}.Release|x86.Build.0 = Release|Win32
		{6FA5F6A1-93BF-4C23-A2E7-E20C7E82377E}.Test|x64.ActiveCfg = Test|x64
		{6FA5F6A1-93BF-4C23-A2E7-E20C7E82377E}.Test|x64.Build.0 = Test|x64
		{6FA5F6A1-93BF-4C23-A2E7-E20C7E82377E}.Test|x86.ActiveCfg = Test|Win32
		{6FA5F6A1-93BF-4C23-A2E7-E20C7E82377E}.Test|x86.Build.0 = Test|Win32
		{9F999A18-37FC-4A3E-9303-7BE8A0ED2F1E}.Debug|x64.ActiveCfg = Debug|x64
		{9F999A18-37FC-4A3E-9303-7BE8A0ED2F1E}.Debug|x64.Build.0 = Debug|x64
		{9F999A18-37FC-4A3E-9303-7BE8A0ED2F1E}.Debug|x86.ActiveCfg = Debug|Win32
		{9F999A18-37FC-4A3E-9303-7BE8A0ED2F1E}.Debug|x86.Build.0 = Debug|Win32
		{9F999A18-37FC-4A3E-9303-7BE8A0ED2F1E}.Release|x64.ActiveCfg = Release|x64
		{9F999A18-37FC-4A3E-9303-7BE8A0ED2F1E}.Release|x64.Build.0 = Release|x64
		{9F999A18-37FC-4A3E-9303-7BE8A0ED2F1E}.Release|x86.ActiveCfg = Release|Win32
		{9F999A18-37FC-4A3E-9303-7BE8A0ED2F1E}.Release|x86.Build.0 = Release|Win32
		{9F999A18-37FC-4A3E-9303-7BE8A0ED2F1E}.Test|x64.ActiveCfg = Test|x64
		{9F999A18-37FC-4A3E-9303-7BE8A0ED2F1E}.Test|x64.Build.0 = Test|x64
		{9F999A18-37FC-4A3E-9303-7BE8A0ED2F1E}.Test|x86.ActiveCfg = Test|Win32
		{9F999A18-37FC-4A3E-9303-7BE8A0ED2F1E}.Test|x86.Build.0 = Test|Win32
		{13C8105F-8D17-45D9-98D5-BFEC27311F38}.Debug|x64.ActiveCfg = Debug|x64
		{13C8105F-8D17-45D9-98D5-BFEC27311F38}.Debug|x64.Build.0 = Debug|x64
		{13C8105F-8D17-45D9-98D5-BFEC27311F38}.Debug|x86.ActiveCfg = Debug|Win32
		{13C8105F-8D17-45D9-98D5-BFEC27311F38}.Debug|x86.Build.0 = Debug|Win32
		{13C8105F-8D17-45D9-98D5-BFEC27311F38}.Release|x64.ActiveCfg = Release|x64
		{13C8105F-8D17-45D9-98D5-BFEC27311F38}.Release|x64.Build.0 = Release|x64
		{13C8105F-8D17-45D9-98D5-BFEC27311F38}.Release|x86.ActiveCfg = Release|Win32
		{13C8105F-8D17-45D9-98D5-BFEC27311F38}.Release|x86.Build.0 = Release|Win32
		{13C8105F-8D17-45D9-98D5-BFEC27311F38}.Test|x64.ActiveCfg = Test|x64
		{13C8105F-8D17-45D9-98D5-BFEC27311F38}.Test|x64.Build.0 = Test|x64
		{13C8105F-8D17-45D9-98D5-BFEC27311F38}.Test|x86.ActiveCfg = Test|Win32
		{13C8105F-8D17-45D9-98D5-BFEC27311F38}.Test|x86.Build.0 = Test|Win32
		{80B6857C-9C5D-4D1F-9765-01FB3BB4C720}.Debug|x64.ActiveCfg = Debug|x64
		{80B6857C-9C5D-4D1F-9765-01FB3BB4C720}.Debug|x64.Build.0 = Debug|x64
		{80B6857C-9C5D-4D1F-9765-01FB3BB4C720}.Debug|x86.ActiveCfg = Debug|Win32
		{80B6857C-9C5D-4D1F-9765-01FB3BB4C720}.Debug|x86.Build.0 = Debug|Win32
		{80B6857C-9C5D-4D1F-9765-01FB3BB4C720}.Release|x64.ActiveCfg = Release|x64
		{80B6857C-9C5D-4D1F-9765-01FB3BB4C720}.Release|x64.Build.0 = Release|x64
		{80B6857C-9C5D-4D1F-9765-01FB3BB4C720}.Release|x86.ActiveCfg = Release|Win32
		{80B6857C-9C5D-4D1F-9765-01FB3BB4C720}.Release|x86.Build.0 = Release|Win32
		{80B6857C-9C5D-4D1F-9765-01FB3BB4C720}.Test|x64.ActiveCfg = Test|x64
		{80B6857C-9C5D-4D1F-9765-01FB3BB4C720}.Test|x64.Build.0 = Test|x64
		{80B6857C-9C5D-4D1F-9765-01FB3BB4C720}.Test|x86.ActiveCfg = Test|Win32
		{80B6857C-9C5D-4D1F-9765-01FB3BB4C720}.Test|x86.Build.0 = Test|Win32
		{B977A79F-FE96-446A-B70B-AE1A9A59BD8F}.Debug|x64.ActiveCfg = Debug|x64
		{B977A79F-FE96-446A-B70B-AE1A9A59BD8F}.Debug|x64.Build.0 = Debug|x64
		{B977A79F-FE96-446A-B70B-AE1A9A59BD8F}.Debug|x86.ActiveCfg = Debug|Win32
		{B977A79F-FE96-446A-B70B-AE1A9A59BD8F}.Debug|x86.Build.0 = Debug|Win32
		{B977A79F-FE96-446A-B70B-AE1A9A59BD8F}.Release|x64.ActiveCfg = Release|x64
		{B977A79F-FE96-446A-B70B-AE1A9A59BD8F}.Release|x64.Build.0 = Release|x64
		{B977A79F-FE96-446A-B70B-AE1A9A59BD8F}.Release|x86.ActiveCfg = Release|Win32
		{B977A79F-FE96-446A-B70B-AE1A9A59BD8F}.Release|x86.Build.0 = Release|Win32
		{B977A79F-FE96-446A-B70B-AE1A9A59BD8F}.Test|x64.ActiveCfg = Test|x64
		{B977A79F-FE96-446A-B70B-AE1A9A59BD8F}.Test|x64.Build.0 = Test|x64
		{B977A79F-FE96-446A-B70B-AE1A9A59BD8F}.Test|x86.ActiveCfg = Release|Win32
		{B977A79F-FE96-446A-B70B-AE1A9A59BD8F}.Test|x86.Build.0 = Release|Win32
		{6567F0FF-6867-4C18-888D-6B7B5FF432F3}.Debug|x64.ActiveCfg = Debug|x64
		{6567F0FF-6867-4C18-888D-6B7B5FF432F3}.Debug|x64.Build.0 = Debug|x64
		{6567F0FF-6867-4C18-888D-6B7B5FF432F3}.Debug|x86.ActiveCfg = Debug|Win32
		{6567F0FF-6867-4C18-888D-6B7B5FF432F3}.Debug|x86.Build.0 = Debug|Win32
		{6567F0FF-6867-4C18-888D-6B7B5FF432F3}.Release|x64.ActiveCfg = Release|x64
		{6567F0FF-6867-4C18-888D-6B7B5FF432F3}.Release|x64.Build.0 = Release|x64
		{6567F0FF-6867-4C18-888D-6B7B5FF432F3}.Release|x86.ActiveCfg = Release|Win32
		{6567F0FF-6867-4C18-888D-6B7B5FF432F3}.Release|x86.Build.0 = Release|Win32
		{6567F0FF-6867-4C18-888D-6B7B5FF432F3}.Test|x64.ActiveCfg = Test|x64
		{6567F0FF-6867-4C18-888D-6B7B5FF432F3}.Test|x64.Build.0 = Test|x64
		{6567F0FF-6867-4C18-888D-6B7B5FF432F3}.Test|x86.ActiveCfg = Release|Win32
		{6567F0FF-6867-4C18-888D-6B7B5FF432F3}.Test|x86.Build.0 = Release|Win32
		{76516359-368D-4B53-A618-89C14D71805C}.Debug|x64.ActiveCfg = Debug|x64
		{76516359-368D-4B53-A618-89C14D71805C}.Debug|x64.Build.0 = Debug|x64
		{76516359-368D-4B53-A618-89C14D71805C}.Debug|x86.ActiveCfg = Debug|Win32
		{76516359-368D-4B53-A618-89C14D71805C}.Debug|x86.Build.0 = Debug|Win32
		{76516359-368D-4B53-A618-89C14D71805C}.Release|x64.ActiveCfg = Release|x64
		{76516359-368D-4B53-A618-89C14D71805C}.Release|x64.Build.0 = Release|x64
		{76516359-368D-4B53-A618-89C14D71805C}.Release|x86.ActiveCfg = Release|Win32
		{76516359-368D-4B53-A618-89C14D71805C}.Release|x86.Build.0 = Release|Win32
		{76516359-368D-4B53-A618-89C14D71805C}.Test|x64.ActiveCfg = Test|x64
		{76516359-368D-4B53-A618-89C14D71805C}.Test|x64.Build.0 = Test|x64
		{76516359-368D-4B53-A618-89C14D71805C}.Test|x86.ActiveCfg = Release|Win32
		{76516359-368D-4B53-A618-89C14D71805C}.Test|x86.Build.0 = Release|Win32
		{CE249289-8899-4B19-B2E1-F047675A5B4B}.Debug|x64.ActiveCfg = Debug|x64
		{CE249289-8899-4B19-B2E1-F047675A5B4B}.Debug|x64.Build.0 = Debug|x64
		{CE249289-8899-4B19-B2E1-F047675A5B4B}.Debug|x86.ActiveCfg = Debug|Win32
		{CE249289-8899-4B19-B2E1-F047675A5B4B}.Debug|x86.Build.0 = Debug|Win32
		{CE249289-8899-4B19-B2E1-F047675A5B4B}.Release|x64.ActiveCfg = Release|x64
		{CE249289-8899-4B19-B2E1-F047675A5B4B}.Release|x64.Build.0 = Release|x64
		{CE249289-8899-4B19-B2E1-F047675A5B4B}.Release|x86.ActiveCfg = Release|Win32
		{CE249289-8899-4B19-B2E1-F047675A5B4B}.Release|x86.Build.0 = Release|Win32
		{CE249289-8899-4B19-B2E1-F047675A5B4B}.Test|x64.ActiveCfg = Test|x64
		{CE249289-8899-4B19-B2E1-F047675A5B4B}.Test|x64.Build.0 = Test|x64
		{CE249289-8899-4B19-B2E1-F047675A5B4B}.Test|x86.ActiveCfg = Release|Win32
		{CE249289-8899-4B19-B2E1-F047675A5B4B}.Test|x86.Build.0 = Release|Win32
	EndGlobalSection
	GlobalSection(SolutionProperties) = preSolution
		HideSolutionNode = FALSE
	EndGlobalSection
	GlobalSection(ExtensibilityGlobals) = postSolution
		SolutionGuid = {3C4E4C00-30A5-47AB-AE48-89F4671C79BF}
	EndGlobalSection
EndGlobal
