
Microsoft Visual Studio Solution File, Format Version 12.00
# Visual Studio Version 17
VisualStudioVersion = 17.9.34714.143
MinimumVisualStudioVersion = 10.0.40219.1
Project("{8BC9CEB8-8B4A-11D0-8D11-00A0C91BC942}") = "FQphysics", "FQphysics\FQphysics.vcxproj", "{76516359-368D-4B53-A618-89C14D71805C}"
EndProject
Project("{8BC9CEB8-8B4A-11D0-8D11-00A0C91BC942}") = "FQPhysicsDemo", "FQPhysicsDemo\FQPhysicsDemo.vcxproj", "{5304577B-F88A-4BED-9D20-595803517602}"
EndProject
Project("{8BC9CEB8-8B4A-11D0-8D11-00A0C91BC942}") = "FQCommon", "FQCommon\FQCommon.vcxproj", "{80B6857C-9C5D-4D1F-9765-01FB3BB4C720}"
EndProject
Global
	GlobalSection(SolutionConfigurationPlatforms) = preSolution
		Debug|x64 = Debug|x64
		Debug|x86 = Debug|x86
		Release|x64 = Release|x64
		Release|x86 = Release|x86
	EndGlobalSection
	GlobalSection(ProjectConfigurationPlatforms) = postSolution
		{76516359-368D-4B53-A618-89C14D71805C}.Debug|x64.ActiveCfg = Debug|x64
		{76516359-368D-4B53-A618-89C14D71805C}.Debug|x64.Build.0 = Debug|x64
		{76516359-368D-4B53-A618-89C14D71805C}.Debug|x86.ActiveCfg = Debug|Win32
		{76516359-368D-4B53-A618-89C14D71805C}.Debug|x86.Build.0 = Debug|Win32
		{76516359-368D-4B53-A618-89C14D71805C}.Release|x64.ActiveCfg = Release|x64
		{76516359-368D-4B53-A618-89C14D71805C}.Release|x64.Build.0 = Release|x64
		{76516359-368D-4B53-A618-89C14D71805C}.Release|x86.ActiveCfg = Release|Win32
		{76516359-368D-4B53-A618-89C14D71805C}.Release|x86.Build.0 = Release|Win32
		{5304577B-F88A-4BED-9D20-595803517602}.Debug|x64.ActiveCfg = Debug|x64
		{5304577B-F88A-4BED-9D20-595803517602}.Debug|x64.Build.0 = Debug|x64
		{5304577B-F88A-4BED-9D20-595803517602}.Debug|x86.ActiveCfg = Debug|Win32
		{5304577B-F88A-4BED-9D20-595803517602}.Debug|x86.Build.0 = Debug|Win32
		{5304577B-F88A-4BED-9D20-595803517602}.Release|x64.ActiveCfg = Release|x64
		{5304577B-F88A-4BED-9D20-595803517602}.Release|x64.Build.0 = Release|x64
		{5304577B-F88A-4BED-9D20-595803517602}.Release|x86.ActiveCfg = Release|Win32
		{5304577B-F88A-4BED-9D20-595803517602}.Release|x86.Build.0 = Release|Win32
		{80B6857C-9C5D-4D1F-9765-01FB3BB4C720}.Debug|x64.ActiveCfg = Debug|x64
		{80B6857C-9C5D-4D1F-9765-01FB3BB4C720}.Debug|x64.Build.0 = Debug|x64
		{80B6857C-9C5D-4D1F-9765-01FB3BB4C720}.Debug|x86.ActiveCfg = Debug|Win32
		{80B6857C-9C5D-4D1F-9765-01FB3BB4C720}.Debug|x86.Build.0 = Debug|Win32
		{80B6857C-9C5D-4D1F-9765-01FB3BB4C720}.Release|x64.ActiveCfg = Release|x64
		{80B6857C-9C5D-4D1F-9765-01FB3BB4C720}.Release|x64.Build.0 = Release|x64
		{80B6857C-9C5D-4D1F-9765-01FB3BB4C720}.Release|x86.ActiveCfg = Release|Win32
		{80B6857C-9C5D-4D1F-9765-01FB3BB4C720}.Release|x86.Build.0 = Release|Win32
	EndGlobalSection
	GlobalSection(SolutionProperties) = preSolution
		HideSolutionNode = FALSE
	EndGlobalSection
	GlobalSection(ExtensibilityGlobals) = postSolution
		SolutionGuid = {3C4E4C00-30A5-47AB-AE48-89F4671C79BF}
	EndGlobalSection
EndGlobal
