<?xml version="1.0" encoding="utf-8"?>
<Project ToolsVersion="4.0" xmlns="http://schemas.microsoft.com/developer/msbuild/2003">
  <ItemGroup>
    <ClCompile Include="AnimationSystem.cpp" />
    <ClCompile Include="AnimatorWindow.cpp" />
    <ClCompile Include="ArticulationHierarchy.cpp" />
    <ClCompile Include="ArticulationInspector.cpp" />
    <ClCompile Include="CameraSystem.cpp" />
    <ClCompile Include="CollisionMatrixWindow.cpp" />
    <ClCompile Include="Command.cpp" />
    <ClCompile Include="CommandSystem.cpp" />
    <ClCompile Include="DebugSystem.cpp" />
    <ClCompile Include="DecalSystem.cpp" />
    <ClCompile Include="EditorHelper.cpp" />
    <ClCompile Include="ExportWindow.cpp" />
    <ClCompile Include="GamePlayWindow.cpp" />
    <ClCompile Include="ImGuiSystem.cpp" />
    <ClCompile Include="ImportWindow.cpp" />
    <ClCompile Include="LightProbeSystem.cpp" />
    <ClCompile Include="LightProbeWindow.cpp" />
    <ClCompile Include="LightSystem.cpp" />
    <ClCompile Include="LogWindow.cpp" />
    <ClCompile Include="dllExport.h" />
    <ClCompile Include="dllmain.cpp" />
    <ClCompile Include="EditorEvent.cpp" />
    <ClCompile Include="EditorProcess.cpp" />
    <ClCompile Include="FileDialog.cpp" />
    <ClCompile Include="GameEngine.cpp" />
    <ClCompile Include="GameProcess.cpp" />
    <ClCompile Include="Hierarchy.cpp" />
    <ClCompile Include="IEditorWindow.cpp" />
    <ClCompile Include="IEngine.cpp" />
    <ClCompile Include="imgui_stdlib.cpp" />
    <ClCompile Include="Inspector.cpp" />
    <ClCompile Include="MainMenuBar.cpp" />
    <ClCompile Include="FQGameEngineRegister.cpp" />
    <ClCompile Include="MaterialWindow.cpp" />
    <ClCompile Include="NavigationMesh.cpp" />
    <ClCompile Include="NavigationMeshWindow.cpp" />
    <ClCompile Include="ParticleSystem.cpp" />
    <ClCompile Include="PathFindingSystem.cpp" />
    <ClCompile Include="PhysicsAnimatorWindow.cpp" />
    <ClCompile Include="NodeEditorStruct.cpp" />
    <ClCompile Include="PhysicsSystem.cpp" />
    <ClCompile Include="ImageSystem.cpp" />
    <ClCompile Include="ModelSystem.cpp" />
    <ClCompile Include="RenderingSystem.cpp" />
    <ClCompile Include="EditorEngine.cpp" />
    <ClCompile Include="SkyBoxWindow.cpp" />
    <ClCompile Include="Setting.cpp" />
    <ClCompile Include="SoundSystem.cpp" />
    <ClCompile Include="TrailSystem.cpp" />
    <ClCompile Include="UISystem.cpp" />
    <ClCompile Include="WindowSystem.cpp" />
    <ClCompile Include="WndProc.cpp" />
    <ClCompile Include="LightmapWindow.cpp" />
  </ItemGroup>
  <ItemGroup>
    <ClInclude Include="AnimationSystem.h" />
    <ClInclude Include="AnimatorWindow.h" />
    <ClInclude Include="ArticulationHierarchy.h" />
    <ClInclude Include="ArticulationInspector.h" />
    <ClInclude Include="CameraSystem.h" />
    <ClInclude Include="CollisionMatrixWindow.h" />
    <ClInclude Include="Command.h" />
    <ClInclude Include="CommandSystem.h" />
    <ClInclude Include="DebugSystem.h" />
    <ClInclude Include="DecalSystem.h" />
    <ClInclude Include="EditorEnum.h" />
    <ClInclude Include="EditorHelper.h" />
    <ClInclude Include="ExportWindow.h" />
    <ClInclude Include="FQGameEngine.h" />
    <ClInclude Include="GamePlayWindow.h" />
    <ClInclude Include="ImGuiColor.h" />
    <ClInclude Include="ImGuiSystem.h" />
    <ClInclude Include="ImportWindow.h" />
    <ClInclude Include="LightProbeSystem.h" />
    <ClInclude Include="LightProbeWindow.h" />
    <ClInclude Include="LightSystem.h" />
    <ClInclude Include="LogWindow.h" />
    <ClInclude Include="EditorEvent.h" />
    <ClInclude Include="EditorProcess.h" />
    <ClInclude Include="FileDialog.h" />
    <ClInclude Include="GameEngine.h" />
    <ClInclude Include="GameProcess.h" />
    <ClInclude Include="Hierarchy.h" />
    <ClInclude Include="IEditorWindow.h" />
    <ClInclude Include="IEngine.h" />
    <ClInclude Include="imgui_stdlib.h" />
    <ClInclude Include="Inspector.h" />
    <ClInclude Include="MainMenuBar.h" />
    <ClInclude Include="FQGameEngineRegister.h" />
    <ClInclude Include="MaterialWindow.h" />
    <ClInclude Include="NavigationMesh.h" />
    <ClInclude Include="NavigationMeshWindow.h" />
    <ClInclude Include="ParticleSystem.h" />
    <ClInclude Include="PathFindingSystem.h" />
    <ClInclude Include="PhysicsAnimatorWindow.h" />
    <ClInclude Include="NodeEditorStruct.h" />
    <ClInclude Include="PhysicsSystem.h" />
    <ClInclude Include="ImageSystem.h" />
    <ClInclude Include="ModelSystem.h" />
    <ClInclude Include="RenderingSystem.h" />
    <ClInclude Include="EditorEngine.h" />
    <ClInclude Include="SkyBoxWindow.h" />
    <ClInclude Include="Setting.h" />
    <ClInclude Include="SoundSystem.h" />
    <ClInclude Include="TrailSystem.h" />
    <ClInclude Include="UISystem.h" />
    <ClInclude Include="WindowSystem.h" />
    <ClInclude Include="WndProc.h" />
    <ClInclude Include="LightmapWindow.h" />
  </ItemGroup>
</Project>