<?xml version="1.0" encoding="utf-8"?>
<Project ToolsVersion="4.0" xmlns="http://schemas.microsoft.com/developer/msbuild/2003">
  <ItemGroup>
    <Filter Include="src">
      <UniqueIdentifier>{4FC737F1-C7A5-4376-A066-2A32D752A2FF}</UniqueIdentifier>
      <Extensions>cpp;c;cc;cxx;c++;cppm;ixx;def;odl;idl;hpj;bat;asm;asmx</Extensions>
    </Filter>
    <Filter Include="include">
      <UniqueIdentifier>{93995380-89BD-4b04-88EB-625FBE52EBFB}</UniqueIdentifier>
      <Extensions>h;hh;hpp;hxx;h++;hm;inl;inc;ipp;xsd</Extensions>
    </Filter>
    <Filter Include="include\00.Define">
      <UniqueIdentifier>{d6c026bc-c71c-4917-8125-9c3638abc9f1}</UniqueIdentifier>
    </Filter>
    <Filter Include="src\00.Define">
      <UniqueIdentifier>{94971c36-b1fc-45eb-9373-91e219af22de}</UniqueIdentifier>
    </Filter>
    <Filter Include="include\01.Player">
      <UniqueIdentifier>{4cc17fe5-6a77-4aa1-a035-17dfceb38aed}</UniqueIdentifier>
    </Filter>
    <Filter Include="src\01.Player">
      <UniqueIdentifier>{a9fd8395-d790-4773-b758-9d33d213ff26}</UniqueIdentifier>
    </Filter>
    <Filter Include="include\02.Monster">
      <UniqueIdentifier>{5284a2c4-bff7-4230-9291-e8f1c7792924}</UniqueIdentifier>
    </Filter>
    <Filter Include="src\02.Monster">
      <UniqueIdentifier>{1a4f3299-65c9-4a79-90bd-4fc069360fb7}</UniqueIdentifier>
    </Filter>
  </ItemGroup>
  <ItemGroup>
    <ClInclude Include="ClientRegistration.h">
      <Filter>include\00.Define</Filter>
    </ClInclude>
    <ClInclude Include="Client.h">
      <Filter>include\00.Define</Filter>
    </ClInclude>
    <ClInclude Include="PlayerMovement.h">
      <Filter>include\01.Player</Filter>
    </ClInclude>
    <ClInclude Include="Monster.h">
      <Filter>include\02.Monster</Filter>
    </ClInclude>
    <ClInclude Include="MonsterFSM.h">
      <Filter>include\02.Monster</Filter>
    </ClInclude>
    <ClInclude Include="MonsterBaseState.h">
      <Filter>include\02.Monster</Filter>
    </ClInclude>
    <ClInclude Include="MonsterState.h">
      <Filter>include\02.Monster</Filter>
    </ClInclude>
  </ItemGroup>
  <ItemGroup>
    <ClCompile Include="ClientRegistration.cpp">
      <Filter>src\00.Define</Filter>
    </ClCompile>
    <ClCompile Include="PlayerMovement.cpp">
      <Filter>src\01.Player</Filter>
    </ClCompile>
    <ClCompile Include="MonsterFSM.cpp">
      <Filter>src\02.Monster</Filter>
    </ClCompile>
    <ClCompile Include="Monster.cpp">
      <Filter>src\02.Monster</Filter>
    </ClCompile>
    <ClCompile Include="MonsterState.cpp">
      <Filter>src\02.Monster</Filter>
    </ClCompile>
  </ItemGroup>
</Project>