<?xml version="1.0" encoding="utf-8"?>
<Project ToolsVersion="4.0" xmlns="http://schemas.microsoft.com/developer/msbuild/2003">
  <ItemGroup>
    <Filter Include="src">
      <UniqueIdentifier>{4FC737F1-C7A5-4376-A066-2A32D752A2FF}</UniqueIdentifier>
      <Extensions>cpp;c;cc;cxx;c++;cppm;ixx;def;odl;idl;hpj;bat;asm;asmx</Extensions>
    </Filter>
    <Filter Include="include">
      <UniqueIdentifier>{93995380-89BD-4b04-88EB-625FBE52EBFB}</UniqueIdentifier>
      <Extensions>h;hh;hpp;hxx;h++;hm;inl;inc;ipp;xsd</Extensions>
    </Filter>
    <Filter Include="include\00.Define">
      <UniqueIdentifier>{d6c026bc-c71c-4917-8125-9c3638abc9f1}</UniqueIdentifier>
    </Filter>
    <Filter Include="src\00.Define">
      <UniqueIdentifier>{94971c36-b1fc-45eb-9373-91e219af22de}</UniqueIdentifier>
    </Filter>
    <Filter Include="include\01.Player">
      <UniqueIdentifier>{4cc17fe5-6a77-4aa1-a035-17dfceb38aed}</UniqueIdentifier>
    </Filter>
    <Filter Include="src\01.Player">
      <UniqueIdentifier>{a9fd8395-d790-4773-b758-9d33d213ff26}</UniqueIdentifier>
    </Filter>
    <Filter Include="include\02.Monster">
      <UniqueIdentifier>{5284a2c4-bff7-4230-9291-e8f1c7792924}</UniqueIdentifier>
    </Filter>
    <Filter Include="src\02.Monster">
      <UniqueIdentifier>{1a4f3299-65c9-4a79-90bd-4fc069360fb7}</UniqueIdentifier>
    </Filter>
    <Filter Include="include\02.Monster\State">
      <UniqueIdentifier>{058bba83-56c9-464a-abb2-b349f132e80e}</UniqueIdentifier>
    </Filter>
    <Filter Include="src\02.Monster\State">
      <UniqueIdentifier>{57b2ca74-b962-4792-bb67-a7230ddff8eb}</UniqueIdentifier>
    </Filter>
    <Filter Include="include\03.Attack">
      <UniqueIdentifier>{7cef8521-d7f1-4691-a728-888cad1df5cc}</UniqueIdentifier>
    </Filter>
    <Filter Include="src\03.Attack">
      <UniqueIdentifier>{0f260edb-ec04-4e9f-a2bc-c4ce6d16758c}</UniqueIdentifier>
    </Filter>
    <Filter Include="include\01.Player\State">
      <UniqueIdentifier>{e2c13996-e04b-41bd-9d23-c980f6326ec4}</UniqueIdentifier>
    </Filter>
    <Filter Include="src\01.Player\State">
      <UniqueIdentifier>{ffcf7094-5e1a-4dbb-a9b2-f6cf98e6b6e6}</UniqueIdentifier>
    </Filter>
    <Filter Include="include\04.Camera">
      <UniqueIdentifier>{f7fdf64c-1b85-4403-9253-d1e52a174f4c}</UniqueIdentifier>
    </Filter>
    <Filter Include="src\04.Camera">
      <UniqueIdentifier>{f3c74ea8-7df2-4df3-b0c8-fda7485eb6ef}</UniqueIdentifier>
    </Filter>
  </ItemGroup>
  <ItemGroup>
    <ClInclude Include="ClientRegistration.h">
      <Filter>include\00.Define</Filter>
    </ClInclude>
    <ClInclude Include="Client.h">
      <Filter>include\00.Define</Filter>
    </ClInclude>
    <ClInclude Include="Monster.h">
      <Filter>include\02.Monster</Filter>
    </ClInclude>
    <ClInclude Include="MonsterIdle.h">
      <Filter>include\02.Monster\State</Filter>
    </ClInclude>
    <ClInclude Include="MonsterFind.h">
      <Filter>include\02.Monster\State</Filter>
    </ClInclude>
    <ClInclude Include="MonsterDie.h">
      <Filter>include\02.Monster\State</Filter>
    </ClInclude>
    <ClInclude Include="MonsterDamaged.h">
      <Filter>include\02.Monster\State</Filter>
    </ClInclude>
    <ClInclude Include="MonsterChase.h">
      <Filter>include\02.Monster\State</Filter>
    </ClInclude>
    <ClInclude Include="MonsterAttack.h">
      <Filter>include\02.Monster\State</Filter>
    </ClInclude>
    <ClInclude Include="Attack.h">
      <Filter>include\03.Attack</Filter>
    </ClInclude>
    <ClInclude Include="PlayerInputState.h">
      <Filter>include\01.Player\State</Filter>
    </ClInclude>
    <ClInclude Include="PlayerMovementState.h">
      <Filter>include\01.Player\State</Filter>
    </ClInclude>
    <ClInclude Include="Player.h">
      <Filter>include\01.Player</Filter>
    </ClInclude>
    <ClInclude Include="PlayerDashState.h">
      <Filter>include\01.Player\State</Filter>
    </ClInclude>
    <ClInclude Include="PlayerAttackState.h">
      <Filter>include\01.Player\State</Filter>
	</ClInclude>
	<ClInclude Include="CameraMoving.h">
      <Filter>include\04.Camera</Filter>
    </ClInclude>
  </ItemGroup>
  <ItemGroup>
    <ClCompile Include="ClientRegistration.cpp">
      <Filter>src\00.Define</Filter>
    </ClCompile>
    <ClCompile Include="Monster.cpp">
      <Filter>src\02.Monster</Filter>
    </ClCompile>
    <ClCompile Include="MonsterIdle.cpp">
      <Filter>src\02.Monster\State</Filter>
    </ClCompile>
    <ClCompile Include="MonsterDie.cpp">
      <Filter>src\02.Monster\State</Filter>
    </ClCompile>
    <ClCompile Include="MonsterDamaged.cpp">
      <Filter>src\02.Monster\State</Filter>
    </ClCompile>
    <ClCompile Include="MonsterAttack.cpp">
      <Filter>src\02.Monster\State</Filter>
    </ClCompile>
    <ClCompile Include="MonsterChase.cpp">
      <Filter>src\02.Monster\State</Filter>
    </ClCompile>
    <ClCompile Include="MonsterFind.cpp">
      <Filter>src\02.Monster\State</Filter>
    </ClCompile>
    <ClCompile Include="Attack.cpp">
      <Filter>src\03.Attack</Filter>
    </ClCompile>
    <ClCompile Include="PlayerInputState.cpp">
      <Filter>src\01.Player\State</Filter>
    </ClCompile>
    <ClCompile Include="PlayerMovementState.cpp">
      <Filter>src\01.Player\State</Filter>
    </ClCompile>
    <ClCompile Include="Player.cpp">
      <Filter>src\01.Player</Filter>
    </ClCompile>
    <ClCompile Include="PlayerDashState.cpp">
      <Filter>src\01.Player\State</Filter>
    </ClCompile>
    <ClCompile Include="PlayerAttackState.cpp">
      <Filter>src\01.Player\State</Filter>
	</ClCompile>
	<ClCompile Include="CameraMoving.cpp">
      <Filter>src\04.Camera</Filter>
    </ClCompile>
  </ItemGroup>
</Project>